// !$*UTF8*$!
{
	archiveVersion = 1;
	classes = {
	};
	objectVersion = 51;
	objects = {

/* Begin PBXBuildFile section */
		21005DD8251BE3F90078E470 /* LabRequestTableViewCell.swift in Sources */ = {isa = PBXBuildFile; fileRef = 21005DD6251BE3F90078E470 /* LabRequestTableViewCell.swift */; };
		21005DDE251BE4210078E470 /* LabRequestViewController.swift in Sources */ = {isa = PBXBuildFile; fileRef = 21005DDD251BE4210078E470 /* LabRequestViewController.swift */; };
		21011C782553FCD100F97B73 /* CollectionViewCell_1.swift in Sources */ = {isa = PBXBuildFile; fileRef = 21011C762553FCD100F97B73 /* CollectionViewCell_1.swift */; };
		21011C792553FCD100F97B73 /* CollectionViewCell_1.xib in Resources */ = {isa = PBXBuildFile; fileRef = 21011C772553FCD100F97B73 /* CollectionViewCell_1.xib */; };
		210331D02518EA7A0022E0E8 /* ResetPasswordViewController.swift in Sources */ = {isa = PBXBuildFile; fileRef = 210331CF2518EA7A0022E0E8 /* ResetPasswordViewController.swift */; };
		210E88BF25186F0100C59A6E /* AppDelegate.swift in Sources */ = {isa = PBXBuildFile; fileRef = 210E88BE25186F0100C59A6E /* AppDelegate.swift */; };
		210E88C125186F0100C59A6E /* SceneDelegate.swift in Sources */ = {isa = PBXBuildFile; fileRef = 210E88C025186F0100C59A6E /* SceneDelegate.swift */; };
		210E88C325186F0100C59A6E /* ViewController.swift in Sources */ = {isa = PBXBuildFile; fileRef = 210E88C225186F0100C59A6E /* ViewController.swift */; };
		210E88C625186F0100C59A6E /* Main.storyboard in Resources */ = {isa = PBXBuildFile; fileRef = 210E88C425186F0100C59A6E /* Main.storyboard */; };
		210E88C825186F0500C59A6E /* Assets.xcassets in Resources */ = {isa = PBXBuildFile; fileRef = 210E88C725186F0500C59A6E /* Assets.xcassets */; };
		210E88CB25186F0500C59A6E /* LaunchScreen.storyboard in Resources */ = {isa = PBXBuildFile; fileRef = 210E88C925186F0500C59A6E /* LaunchScreen.storyboard */; };
		210E88D625186F0600C59A6E /* MediYogaTests.swift in Sources */ = {isa = PBXBuildFile; fileRef = 210E88D525186F0600C59A6E /* MediYogaTests.swift */; };
		210E88E125186F0600C59A6E /* MediYogaUITests.swift in Sources */ = {isa = PBXBuildFile; fileRef = 210E88E025186F0600C59A6E /* MediYogaUITests.swift */; };
		211003992533582100018E34 /* AdminComViewController.swift in Sources */ = {isa = PBXBuildFile; fileRef = 211003982533582100018E34 /* AdminComViewController.swift */; };
		2110039E2533585F00018E34 /* AdminComTableViewCell.swift in Sources */ = {isa = PBXBuildFile; fileRef = 2110039D2533585F00018E34 /* AdminComTableViewCell.swift */; };
		211003A42533588400018E34 /* AdminComImageTableViewCell.swift in Sources */ = {isa = PBXBuildFile; fileRef = 211003A22533588400018E34 /* AdminComImageTableViewCell.swift */; };
		211003A52533588400018E34 /* AdminComImageTableViewCell.xib in Resources */ = {isa = PBXBuildFile; fileRef = 211003A32533588400018E34 /* AdminComImageTableViewCell.xib */; };
		2116C528251BD1B700E7C6F2 /* PriscriptionViewController.swift in Sources */ = {isa = PBXBuildFile; fileRef = 2116C527251BD1B700E7C6F2 /* PriscriptionViewController.swift */; };
		2116C52E251BD27000E7C6F2 /* PriscriptionTableViewCell.swift in Sources */ = {isa = PBXBuildFile; fileRef = 2116C52C251BD27000E7C6F2 /* PriscriptionTableViewCell.swift */; };
		211E7502251B27F500BFB6DC /* PatientDetailsViewController.swift in Sources */ = {isa = PBXBuildFile; fileRef = 211E7501251B27F500BFB6DC /* PatientDetailsViewController.swift */; };
		2120D49C2528C457003332EF /* ComImageTableViewCell.swift in Sources */ = {isa = PBXBuildFile; fileRef = 2120D49A2528C457003332EF /* ComImageTableViewCell.swift */; };
		2120D49D2528C457003332EF /* ComImageTableViewCell.xib in Resources */ = {isa = PBXBuildFile; fileRef = 2120D49B2528C457003332EF /* ComImageTableViewCell.xib */; };
		212800CB2523906800110A10 /* ComChatViewController.swift in Sources */ = {isa = PBXBuildFile; fileRef = 212800CA2523906800110A10 /* ComChatViewController.swift */; };
		212800D1252394ED00110A10 /* ComChatTableViewCell.swift in Sources */ = {isa = PBXBuildFile; fileRef = 212800CF252394ED00110A10 /* ComChatTableViewCell.swift */; };
		212864BA257007E100976E12 /* ImageZoomViewController.swift in Sources */ = {isa = PBXBuildFile; fileRef = 212864B9257007E100976E12 /* ImageZoomViewController.swift */; };
		212FF9E2253D531400E6BD8D /* AudioFileDoctorTableViewCell.swift in Sources */ = {isa = PBXBuildFile; fileRef = 212FF9E0253D531400E6BD8D /* AudioFileDoctorTableViewCell.swift */; };
		212FF9E3253D531400E6BD8D /* AudioFileDoctorTableViewCell.xib in Resources */ = {isa = PBXBuildFile; fileRef = 212FF9E1253D531400E6BD8D /* AudioFileDoctorTableViewCell.xib */; };
		212FF9EC253D534500E6BD8D /* AudioFilePatientTableViewCell.swift in Sources */ = {isa = PBXBuildFile; fileRef = 212FF9EA253D534500E6BD8D /* AudioFilePatientTableViewCell.swift */; };
		212FF9ED253D534500E6BD8D /* AudioFilePatientTableViewCell.xib in Resources */ = {isa = PBXBuildFile; fileRef = 212FF9EB253D534500E6BD8D /* AudioFilePatientTableViewCell.xib */; };
		213ED72A255910A400621F4E /* TabViewController.swift in Sources */ = {isa = PBXBuildFile; fileRef = 213ED729255910A300621F4E /* TabViewController.swift */; };
		2152AAB8252085F4009DAC98 /* CaseHistoryViewController.swift in Sources */ = {isa = PBXBuildFile; fileRef = 2152AAB7252085F4009DAC98 /* CaseHistoryViewController.swift */; };
		2155B416252B895400148B92 /* ComChatReceiverTableViewCell.swift in Sources */ = {isa = PBXBuildFile; fileRef = 2155B414252B895400148B92 /* ComChatReceiverTableViewCell.swift */; };
		2155B417252B895400148B92 /* ComChatReceiverTableViewCell.xib in Resources */ = {isa = PBXBuildFile; fileRef = 2155B415252B895400148B92 /* ComChatReceiverTableViewCell.xib */; };
		2155B41C252BA04600148B92 /* GoogleService-Info.plist in Resources */ = {isa = PBXBuildFile; fileRef = 2155B41B252BA04600148B92 /* GoogleService-Info.plist */; };
		216661FA2519266A000373DA /* SignupViewController.swift in Sources */ = {isa = PBXBuildFile; fileRef = 216661F92519266A000373DA /* SignupViewController.swift */; };
		21674E5B2530D579007D1D13 /* NOTESViewController.swift in Sources */ = {isa = PBXBuildFile; fileRef = 21674E5A2530D579007D1D13 /* NOTESViewController.swift */; };
		216CA46F2556F06800A5D04A /* MontlyViewController.swift in Sources */ = {isa = PBXBuildFile; fileRef = 216CA46E2556F06800A5D04A /* MontlyViewController.swift */; };
		216CA4752556F0AC00A5D04A /* MonthlyTableViewCell.swift in Sources */ = {isa = PBXBuildFile; fileRef = 216CA4732556F0AC00A5D04A /* MonthlyTableViewCell.swift */; };
		216CA4762556F0AC00A5D04A /* MonthlyTableViewCell.xib in Resources */ = {isa = PBXBuildFile; fileRef = 216CA4742556F0AC00A5D04A /* MonthlyTableViewCell.xib */; };
		2176A8052518A059005979E9 /* AppointmentViewController.swift in Sources */ = {isa = PBXBuildFile; fileRef = 2176A8042518A059005979E9 /* AppointmentViewController.swift */; };
		2176A80E2518C2B8005979E9 /* CommunicationViewController.swift in Sources */ = {isa = PBXBuildFile; fileRef = 2176A80D2518C2B8005979E9 /* CommunicationViewController.swift */; };
		2176A8142518D542005979E9 /* CommunicationTableViewCell.swift in Sources */ = {isa = PBXBuildFile; fileRef = 2176A8122518D542005979E9 /* CommunicationTableViewCell.swift */; };
		2176A81B2518D56B005979E9 /* AppointmentTableViewCell.swift in Sources */ = {isa = PBXBuildFile; fileRef = 2176A8192518D56B005979E9 /* AppointmentTableViewCell.swift */; };
		2176A8272518DC7D005979E9 /* AdminCommunicationViewController.swift in Sources */ = {isa = PBXBuildFile; fileRef = 2176A8262518DC7D005979E9 /* AdminCommunicationViewController.swift */; };
		2176A82D2518DCA4005979E9 /* AdminCommunicationTableViewCell.swift in Sources */ = {isa = PBXBuildFile; fileRef = 2176A82B2518DCA4005979E9 /* AdminCommunicationTableViewCell.swift */; };
		2176A83A2518E063005979E9 /* SettingsTableViewCell.swift in Sources */ = {isa = PBXBuildFile; fileRef = 2176A8382518E063005979E9 /* SettingsTableViewCell.swift */; };
		2176A8402518E08B005979E9 /* SettingsViewController.swift in Sources */ = {isa = PBXBuildFile; fileRef = 2176A83F2518E08B005979E9 /* SettingsViewController.swift */; };
		2176A8492518E3A9005979E9 /* SettingsTableViewCell_1.swift in Sources */ = {isa = PBXBuildFile; fileRef = 2176A8472518E3A9005979E9 /* SettingsTableViewCell_1.swift */; };
		2176A8532518E3D3005979E9 /* SettingsTableViewCell_2.swift in Sources */ = {isa = PBXBuildFile; fileRef = 2176A8512518E3D3005979E9 /* SettingsTableViewCell_2.swift */; };
		2176A85A2518E3F3005979E9 /* SettingsTableViewCell_3.swift in Sources */ = {isa = PBXBuildFile; fileRef = 2176A8582518E3F3005979E9 /* SettingsTableViewCell_3.swift */; };
		218AD762254C9CC600E169E4 /* WeeklyViewController.swift in Sources */ = {isa = PBXBuildFile; fileRef = 218AD761254C9CC500E169E4 /* WeeklyViewController.swift */; };
		219846372521133A00E35F26 /* checkhistoryTableViewCell.swift in Sources */ = {isa = PBXBuildFile; fileRef = 219846352521133A00E35F26 /* checkhistoryTableViewCell.swift */; };
		219A1248251E4CAC0045F3B8 /* labxibTableViewCell.swift in Sources */ = {isa = PBXBuildFile; fileRef = 219A1246251E4CAC0045F3B8 /* labxibTableViewCell.swift */; };
		219A1249251E4CAC0045F3B8 /* labxibTableViewCell.xib in Resources */ = {isa = PBXBuildFile; fileRef = 219A1247251E4CAC0045F3B8 /* labxibTableViewCell.xib */; };
		21A175A625400D3A008950AB /* AdminAudioTableViewCell.swift in Sources */ = {isa = PBXBuildFile; fileRef = 21A175A425400D3A008950AB /* AdminAudioTableViewCell.swift */; };
		21A175A725400D3A008950AB /* AdminAudioTableViewCell.xib in Resources */ = {isa = PBXBuildFile; fileRef = 21A175A525400D3A008950AB /* AdminAudioTableViewCell.xib */; };
		21A175B025400D6A008950AB /* DoctorAudioTableViewCell.swift in Sources */ = {isa = PBXBuildFile; fileRef = 21A175AE25400D6A008950AB /* DoctorAudioTableViewCell.swift */; };
		21A175B125400D6A008950AB /* DoctorAudioTableViewCell.xib in Resources */ = {isa = PBXBuildFile; fileRef = 21A175AF25400D6A008950AB /* DoctorAudioTableViewCell.xib */; };
		21A175BA25400D88008950AB /* DoctorImageTableViewCell.swift in Sources */ = {isa = PBXBuildFile; fileRef = 21A175B825400D87008950AB /* DoctorImageTableViewCell.swift */; };
		21A175BB25400D88008950AB /* DoctorImageTableViewCell.xib in Resources */ = {isa = PBXBuildFile; fileRef = 21A175B925400D88008950AB /* DoctorImageTableViewCell.xib */; };
		21A175C425400DA1008950AB /* AdminTextTableViewCell.swift in Sources */ = {isa = PBXBuildFile; fileRef = 21A175C225400DA1008950AB /* AdminTextTableViewCell.swift */; };
		21A175C525400DA1008950AB /* AdminTextTableViewCell.xib in Resources */ = {isa = PBXBuildFile; fileRef = 21A175C325400DA1008950AB /* AdminTextTableViewCell.xib */; };
		21A27C5F2570E54A0087BBEE /* AdminimageZoomViewController.swift in Sources */ = {isa = PBXBuildFile; fileRef = 21A27C5E2570E54A0087BBEE /* AdminimageZoomViewController.swift */; };
		21CEA26F25262ED90049B4F7 /* Validation.swift in Sources */ = {isa = PBXBuildFile; fileRef = 21CEA26E25262ED80049B4F7 /* Validation.swift */; };
		21EAC39D254F2AEF0085F9B9 /* StickyGrid_CollectionViewLayout.swift in Sources */ = {isa = PBXBuildFile; fileRef = 21EAC39C254F2AEF0085F9B9 /* StickyGrid_CollectionViewLayout.swift */; };
		21EAC3A3254F2BA80085F9B9 /* CollectionViewCell.swift in Sources */ = {isa = PBXBuildFile; fileRef = 21EAC3A1254F2BA80085F9B9 /* CollectionViewCell.swift */; };
		21EAC3A4254F2BA80085F9B9 /* CollectionViewCell.xib in Resources */ = {isa = PBXBuildFile; fileRef = 21EAC3A2254F2BA80085F9B9 /* CollectionViewCell.xib */; };
		21EB295A25398AA700D26F6F /* ComChatReceiveimageTableViewCell.swift in Sources */ = {isa = PBXBuildFile; fileRef = 21EB295825398AA600D26F6F /* ComChatReceiveimageTableViewCell.swift */; };
		21EB295B25398AA700D26F6F /* ComChatReceiveimageTableViewCell.xib in Resources */ = {isa = PBXBuildFile; fileRef = 21EB295925398AA700D26F6F /* ComChatReceiveimageTableViewCell.xib */; };
		21FBA7F3251B542000466C3A /* PatientDetailsCollectionViewCell.swift in Sources */ = {isa = PBXBuildFile; fileRef = 21FBA7F1251B542000466C3A /* PatientDetailsCollectionViewCell.swift */; };
		21FBA7FD251B7B3A00466C3A /* PatientHeaderCollectionReusableView.swift in Sources */ = {isa = PBXBuildFile; fileRef = 21FBA7FC251B7B3A00466C3A /* PatientHeaderCollectionReusableView.swift */; };
		21FDDEB6254741DC0022AE94 /* Reachability.swift in Sources */ = {isa = PBXBuildFile; fileRef = 21FDDEB5254741DC0022AE94 /* Reachability.swift */; };
		4DFBA1C26013C033CD1C6C0F /* Pods_MediYoga.framework in Frameworks */ = {isa = PBXBuildFile; fileRef = EB63E8C5E291D51FDBA74F00 /* Pods_MediYoga.framework */; };
		6B7330852AFE95615098D82A /* Pods_MediYogaTests.framework in Frameworks */ = {isa = PBXBuildFile; fileRef = 7C1DF223C9F4B10D804F8335 /* Pods_MediYogaTests.framework */; };
		AD6AA2D3028819344BD5FE55 /* Pods_MediYoga_MediYogaUITests.framework in Frameworks */ = {isa = PBXBuildFile; fileRef = 47C6BC63ADA1263EAF4E3702 /* Pods_MediYoga_MediYogaUITests.framework */; };
/* End PBXBuildFile section */

/* Begin PBXContainerItemProxy section */
		210E88D225186F0600C59A6E /* PBXContainerItemProxy */ = {
			isa = PBXContainerItemProxy;
			containerPortal = 210E88B325186F0100C59A6E /* Project object */;
			proxyType = 1;
			remoteGlobalIDString = 210E88BA25186F0100C59A6E;
			remoteInfo = MediYoga;
		};
		210E88DD25186F0600C59A6E /* PBXContainerItemProxy */ = {
			isa = PBXContainerItemProxy;
			containerPortal = 210E88B325186F0100C59A6E /* Project object */;
			proxyType = 1;
			remoteGlobalIDString = 210E88BA25186F0100C59A6E;
			remoteInfo = MediYoga;
		};
/* End PBXContainerItemProxy section */

/* Begin PBXFileReference section */
		21005DD6251BE3F90078E470 /* LabRequestTableViewCell.swift */ = {isa = PBXFileReference; lastKnownFileType = sourcecode.swift; path = LabRequestTableViewCell.swift; sourceTree = "<group>"; };
		21005DDD251BE4210078E470 /* LabRequestViewController.swift */ = {isa = PBXFileReference; lastKnownFileType = sourcecode.swift; path = LabRequestViewController.swift; sourceTree = "<group>"; };
		21011C762553FCD100F97B73 /* CollectionViewCell_1.swift */ = {isa = PBXFileReference; lastKnownFileType = sourcecode.swift; path = CollectionViewCell_1.swift; sourceTree = "<group>"; };
		21011C772553FCD100F97B73 /* CollectionViewCell_1.xib */ = {isa = PBXFileReference; lastKnownFileType = file.xib; path = CollectionViewCell_1.xib; sourceTree = "<group>"; };
		210331CF2518EA7A0022E0E8 /* ResetPasswordViewController.swift */ = {isa = PBXFileReference; lastKnownFileType = sourcecode.swift; path = ResetPasswordViewController.swift; sourceTree = "<group>"; };
		210E88BB25186F0100C59A6E /* MediYoga.app */ = {isa = PBXFileReference; explicitFileType = wrapper.application; includeInIndex = 0; path = MediYoga.app; sourceTree = BUILT_PRODUCTS_DIR; };
		210E88BE25186F0100C59A6E /* AppDelegate.swift */ = {isa = PBXFileReference; lastKnownFileType = sourcecode.swift; path = AppDelegate.swift; sourceTree = "<group>"; };
		210E88C025186F0100C59A6E /* SceneDelegate.swift */ = {isa = PBXFileReference; lastKnownFileType = sourcecode.swift; path = SceneDelegate.swift; sourceTree = "<group>"; };
		210E88C225186F0100C59A6E /* ViewController.swift */ = {isa = PBXFileReference; lastKnownFileType = sourcecode.swift; path = ViewController.swift; sourceTree = "<group>"; };
		210E88C525186F0100C59A6E /* Base */ = {isa = PBXFileReference; lastKnownFileType = file.storyboard; name = Base; path = Base.lproj/Main.storyboard; sourceTree = "<group>"; };
		210E88C725186F0500C59A6E /* Assets.xcassets */ = {isa = PBXFileReference; lastKnownFileType = folder.assetcatalog; path = Assets.xcassets; sourceTree = "<group>"; };
		210E88CA25186F0500C59A6E /* Base */ = {isa = PBXFileReference; lastKnownFileType = file.storyboard; name = Base; path = Base.lproj/LaunchScreen.storyboard; sourceTree = "<group>"; };
		210E88CC25186F0500C59A6E /* Info.plist */ = {isa = PBXFileReference; lastKnownFileType = text.plist.xml; path = Info.plist; sourceTree = "<group>"; };
		210E88D125186F0600C59A6E /* MediYogaTests.xctest */ = {isa = PBXFileReference; explicitFileType = wrapper.cfbundle; includeInIndex = 0; path = MediYogaTests.xctest; sourceTree = BUILT_PRODUCTS_DIR; };
		210E88D525186F0600C59A6E /* MediYogaTests.swift */ = {isa = PBXFileReference; lastKnownFileType = sourcecode.swift; path = MediYogaTests.swift; sourceTree = "<group>"; };
		210E88D725186F0600C59A6E /* Info.plist */ = {isa = PBXFileReference; lastKnownFileType = text.plist.xml; path = Info.plist; sourceTree = "<group>"; };
		210E88DC25186F0600C59A6E /* MediYogaUITests.xctest */ = {isa = PBXFileReference; explicitFileType = wrapper.cfbundle; includeInIndex = 0; path = MediYogaUITests.xctest; sourceTree = BUILT_PRODUCTS_DIR; };
		210E88E025186F0600C59A6E /* MediYogaUITests.swift */ = {isa = PBXFileReference; lastKnownFileType = sourcecode.swift; path = MediYogaUITests.swift; sourceTree = "<group>"; };
		210E88E225186F0600C59A6E /* Info.plist */ = {isa = PBXFileReference; lastKnownFileType = text.plist.xml; path = Info.plist; sourceTree = "<group>"; };
		211003982533582100018E34 /* AdminComViewController.swift */ = {isa = PBXFileReference; lastKnownFileType = sourcecode.swift; path = AdminComViewController.swift; sourceTree = "<group>"; };
		2110039D2533585F00018E34 /* AdminComTableViewCell.swift */ = {isa = PBXFileReference; lastKnownFileType = sourcecode.swift; path = AdminComTableViewCell.swift; sourceTree = "<group>"; };
		211003A22533588400018E34 /* AdminComImageTableViewCell.swift */ = {isa = PBXFileReference; lastKnownFileType = sourcecode.swift; path = AdminComImageTableViewCell.swift; sourceTree = "<group>"; };
		211003A32533588400018E34 /* AdminComImageTableViewCell.xib */ = {isa = PBXFileReference; lastKnownFileType = file.xib; path = AdminComImageTableViewCell.xib; sourceTree = "<group>"; };
		2116C527251BD1B700E7C6F2 /* PriscriptionViewController.swift */ = {isa = PBXFileReference; lastKnownFileType = sourcecode.swift; path = PriscriptionViewController.swift; sourceTree = "<group>"; };
		2116C52C251BD27000E7C6F2 /* PriscriptionTableViewCell.swift */ = {isa = PBXFileReference; lastKnownFileType = sourcecode.swift; path = PriscriptionTableViewCell.swift; sourceTree = "<group>"; };
		211E7501251B27F500BFB6DC /* PatientDetailsViewController.swift */ = {isa = PBXFileReference; lastKnownFileType = sourcecode.swift; path = PatientDetailsViewController.swift; sourceTree = "<group>"; };
		2120D49A2528C457003332EF /* ComImageTableViewCell.swift */ = {isa = PBXFileReference; lastKnownFileType = sourcecode.swift; path = ComImageTableViewCell.swift; sourceTree = "<group>"; };
		2120D49B2528C457003332EF /* ComImageTableViewCell.xib */ = {isa = PBXFileReference; lastKnownFileType = file.xib; path = ComImageTableViewCell.xib; sourceTree = "<group>"; };
		212800CA2523906800110A10 /* ComChatViewController.swift */ = {isa = PBXFileReference; lastKnownFileType = sourcecode.swift; path = ComChatViewController.swift; sourceTree = "<group>"; };
		212800CF252394ED00110A10 /* ComChatTableViewCell.swift */ = {isa = PBXFileReference; lastKnownFileType = sourcecode.swift; path = ComChatTableViewCell.swift; sourceTree = "<group>"; };
		212864B9257007E100976E12 /* ImageZoomViewController.swift */ = {isa = PBXFileReference; lastKnownFileType = sourcecode.swift; path = ImageZoomViewController.swift; sourceTree = "<group>"; };
		212FF9E0253D531400E6BD8D /* AudioFileDoctorTableViewCell.swift */ = {isa = PBXFileReference; lastKnownFileType = sourcecode.swift; path = AudioFileDoctorTableViewCell.swift; sourceTree = "<group>"; };
		212FF9E1253D531400E6BD8D /* AudioFileDoctorTableViewCell.xib */ = {isa = PBXFileReference; lastKnownFileType = file.xib; path = AudioFileDoctorTableViewCell.xib; sourceTree = "<group>"; };
		212FF9EA253D534500E6BD8D /* AudioFilePatientTableViewCell.swift */ = {isa = PBXFileReference; lastKnownFileType = sourcecode.swift; path = AudioFilePatientTableViewCell.swift; sourceTree = "<group>"; };
		212FF9EB253D534500E6BD8D /* AudioFilePatientTableViewCell.xib */ = {isa = PBXFileReference; lastKnownFileType = file.xib; path = AudioFilePatientTableViewCell.xib; sourceTree = "<group>"; };
		213ED729255910A300621F4E /* TabViewController.swift */ = {isa = PBXFileReference; lastKnownFileType = sourcecode.swift; path = TabViewController.swift; sourceTree = "<group>"; };
		2152AAB7252085F4009DAC98 /* CaseHistoryViewController.swift */ = {isa = PBXFileReference; lastKnownFileType = sourcecode.swift; path = CaseHistoryViewController.swift; sourceTree = "<group>"; };
		2155B414252B895400148B92 /* ComChatReceiverTableViewCell.swift */ = {isa = PBXFileReference; lastKnownFileType = sourcecode.swift; path = ComChatReceiverTableViewCell.swift; sourceTree = "<group>"; };
		2155B415252B895400148B92 /* ComChatReceiverTableViewCell.xib */ = {isa = PBXFileReference; lastKnownFileType = file.xib; path = ComChatReceiverTableViewCell.xib; sourceTree = "<group>"; };
		2155B41B252BA04600148B92 /* GoogleService-Info.plist */ = {isa = PBXFileReference; fileEncoding = 4; lastKnownFileType = text.plist.xml; path = "GoogleService-Info.plist"; sourceTree = "<group>"; };
		216661F92519266A000373DA /* SignupViewController.swift */ = {isa = PBXFileReference; lastKnownFileType = sourcecode.swift; path = SignupViewController.swift; sourceTree = "<group>"; };
		21674E5A2530D579007D1D13 /* NOTESViewController.swift */ = {isa = PBXFileReference; lastKnownFileType = sourcecode.swift; path = NOTESViewController.swift; sourceTree = "<group>"; };
		216CA46E2556F06800A5D04A /* MontlyViewController.swift */ = {isa = PBXFileReference; lastKnownFileType = sourcecode.swift; path = MontlyViewController.swift; sourceTree = "<group>"; };
		216CA4732556F0AC00A5D04A /* MonthlyTableViewCell.swift */ = {isa = PBXFileReference; lastKnownFileType = sourcecode.swift; path = MonthlyTableViewCell.swift; sourceTree = "<group>"; };
		216CA4742556F0AC00A5D04A /* MonthlyTableViewCell.xib */ = {isa = PBXFileReference; lastKnownFileType = file.xib; path = MonthlyTableViewCell.xib; sourceTree = "<group>"; };
		2176A8042518A059005979E9 /* AppointmentViewController.swift */ = {isa = PBXFileReference; lastKnownFileType = sourcecode.swift; path = AppointmentViewController.swift; sourceTree = "<group>"; };
		2176A80D2518C2B8005979E9 /* CommunicationViewController.swift */ = {isa = PBXFileReference; lastKnownFileType = sourcecode.swift; path = CommunicationViewController.swift; sourceTree = "<group>"; };
		2176A8122518D542005979E9 /* CommunicationTableViewCell.swift */ = {isa = PBXFileReference; lastKnownFileType = sourcecode.swift; path = CommunicationTableViewCell.swift; sourceTree = "<group>"; };
		2176A8192518D56B005979E9 /* AppointmentTableViewCell.swift */ = {isa = PBXFileReference; lastKnownFileType = sourcecode.swift; path = AppointmentTableViewCell.swift; sourceTree = "<group>"; };
		2176A8262518DC7D005979E9 /* AdminCommunicationViewController.swift */ = {isa = PBXFileReference; lastKnownFileType = sourcecode.swift; path = AdminCommunicationViewController.swift; sourceTree = "<group>"; };
		2176A82B2518DCA4005979E9 /* AdminCommunicationTableViewCell.swift */ = {isa = PBXFileReference; lastKnownFileType = sourcecode.swift; path = AdminCommunicationTableViewCell.swift; sourceTree = "<group>"; };
		2176A8382518E063005979E9 /* SettingsTableViewCell.swift */ = {isa = PBXFileReference; lastKnownFileType = sourcecode.swift; path = SettingsTableViewCell.swift; sourceTree = "<group>"; };
		2176A83F2518E08B005979E9 /* SettingsViewController.swift */ = {isa = PBXFileReference; lastKnownFileType = sourcecode.swift; path = SettingsViewController.swift; sourceTree = "<group>"; };
		2176A8472518E3A9005979E9 /* SettingsTableViewCell_1.swift */ = {isa = PBXFileReference; lastKnownFileType = sourcecode.swift; path = SettingsTableViewCell_1.swift; sourceTree = "<group>"; };
		2176A8512518E3D3005979E9 /* SettingsTableViewCell_2.swift */ = {isa = PBXFileReference; lastKnownFileType = sourcecode.swift; path = SettingsTableViewCell_2.swift; sourceTree = "<group>"; };
		2176A8582518E3F3005979E9 /* SettingsTableViewCell_3.swift */ = {isa = PBXFileReference; lastKnownFileType = sourcecode.swift; path = SettingsTableViewCell_3.swift; sourceTree = "<group>"; };
		218AD761254C9CC500E169E4 /* WeeklyViewController.swift */ = {isa = PBXFileReference; lastKnownFileType = sourcecode.swift; path = WeeklyViewController.swift; sourceTree = "<group>"; };
		219846352521133A00E35F26 /* checkhistoryTableViewCell.swift */ = {isa = PBXFileReference; lastKnownFileType = sourcecode.swift; path = checkhistoryTableViewCell.swift; sourceTree = "<group>"; };
		219A1246251E4CAC0045F3B8 /* labxibTableViewCell.swift */ = {isa = PBXFileReference; lastKnownFileType = sourcecode.swift; path = labxibTableViewCell.swift; sourceTree = "<group>"; };
		219A1247251E4CAC0045F3B8 /* labxibTableViewCell.xib */ = {isa = PBXFileReference; lastKnownFileType = file.xib; path = labxibTableViewCell.xib; sourceTree = "<group>"; };
		21A175A425400D3A008950AB /* AdminAudioTableViewCell.swift */ = {isa = PBXFileReference; lastKnownFileType = sourcecode.swift; path = AdminAudioTableViewCell.swift; sourceTree = "<group>"; };
		21A175A525400D3A008950AB /* AdminAudioTableViewCell.xib */ = {isa = PBXFileReference; lastKnownFileType = file.xib; path = AdminAudioTableViewCell.xib; sourceTree = "<group>"; };
		21A175AE25400D6A008950AB /* DoctorAudioTableViewCell.swift */ = {isa = PBXFileReference; lastKnownFileType = sourcecode.swift; path = DoctorAudioTableViewCell.swift; sourceTree = "<group>"; };
		21A175AF25400D6A008950AB /* DoctorAudioTableViewCell.xib */ = {isa = PBXFileReference; lastKnownFileType = file.xib; path = DoctorAudioTableViewCell.xib; sourceTree = "<group>"; };
		21A175B825400D87008950AB /* DoctorImageTableViewCell.swift */ = {isa = PBXFileReference; lastKnownFileType = sourcecode.swift; path = DoctorImageTableViewCell.swift; sourceTree = "<group>"; };
		21A175B925400D88008950AB /* DoctorImageTableViewCell.xib */ = {isa = PBXFileReference; lastKnownFileType = file.xib; path = DoctorImageTableViewCell.xib; sourceTree = "<group>"; };
		21A175C225400DA1008950AB /* AdminTextTableViewCell.swift */ = {isa = PBXFileReference; lastKnownFileType = sourcecode.swift; path = AdminTextTableViewCell.swift; sourceTree = "<group>"; };
		21A175C325400DA1008950AB /* AdminTextTableViewCell.xib */ = {isa = PBXFileReference; lastKnownFileType = file.xib; path = AdminTextTableViewCell.xib; sourceTree = "<group>"; };
		21A27C5E2570E54A0087BBEE /* AdminimageZoomViewController.swift */ = {isa = PBXFileReference; lastKnownFileType = sourcecode.swift; path = AdminimageZoomViewController.swift; sourceTree = "<group>"; };
		21CEA26E25262ED80049B4F7 /* Validation.swift */ = {isa = PBXFileReference; lastKnownFileType = sourcecode.swift; path = Validation.swift; sourceTree = "<group>"; };
		21EAC39C254F2AEF0085F9B9 /* StickyGrid_CollectionViewLayout.swift */ = {isa = PBXFileReference; lastKnownFileType = sourcecode.swift; path = StickyGrid_CollectionViewLayout.swift; sourceTree = "<group>"; };
		21EAC3A1254F2BA80085F9B9 /* CollectionViewCell.swift */ = {isa = PBXFileReference; lastKnownFileType = sourcecode.swift; path = CollectionViewCell.swift; sourceTree = "<group>"; };
		21EAC3A2254F2BA80085F9B9 /* CollectionViewCell.xib */ = {isa = PBXFileReference; lastKnownFileType = file.xib; path = CollectionViewCell.xib; sourceTree = "<group>"; };
		21EB295825398AA600D26F6F /* ComChatReceiveimageTableViewCell.swift */ = {isa = PBXFileReference; lastKnownFileType = sourcecode.swift; path = ComChatReceiveimageTableViewCell.swift; sourceTree = "<group>"; };
		21EB295925398AA700D26F6F /* ComChatReceiveimageTableViewCell.xib */ = {isa = PBXFileReference; lastKnownFileType = file.xib; path = ComChatReceiveimageTableViewCell.xib; sourceTree = "<group>"; };
		21FBA7F1251B542000466C3A /* PatientDetailsCollectionViewCell.swift */ = {isa = PBXFileReference; lastKnownFileType = sourcecode.swift; path = PatientDetailsCollectionViewCell.swift; sourceTree = "<group>"; };
		21FBA7FC251B7B3A00466C3A /* PatientHeaderCollectionReusableView.swift */ = {isa = PBXFileReference; lastKnownFileType = sourcecode.swift; path = PatientHeaderCollectionReusableView.swift; sourceTree = "<group>"; };
		21FDDEB5254741DC0022AE94 /* Reachability.swift */ = {isa = PBXFileReference; lastKnownFileType = sourcecode.swift; path = Reachability.swift; sourceTree = "<group>"; };
		2AA3419D738772D6C7B5F776 /* Pods-MediYogaTests.debug.xcconfig */ = {isa = PBXFileReference; includeInIndex = 1; lastKnownFileType = text.xcconfig; name = "Pods-MediYogaTests.debug.xcconfig"; path = "Target Support Files/Pods-MediYogaTests/Pods-MediYogaTests.debug.xcconfig"; sourceTree = "<group>"; };
		47C6BC63ADA1263EAF4E3702 /* Pods_MediYoga_MediYogaUITests.framework */ = {isa = PBXFileReference; explicitFileType = wrapper.framework; includeInIndex = 0; path = Pods_MediYoga_MediYogaUITests.framework; sourceTree = BUILT_PRODUCTS_DIR; };
		5CB90679DBAFB43AB7DCF838 /* Pods-MediYoga-MediYogaUITests.debug.xcconfig */ = {isa = PBXFileReference; includeInIndex = 1; lastKnownFileType = text.xcconfig; name = "Pods-MediYoga-MediYogaUITests.debug.xcconfig"; path = "Target Support Files/Pods-MediYoga-MediYogaUITests/Pods-MediYoga-MediYogaUITests.debug.xcconfig"; sourceTree = "<group>"; };
		7A614FF0AF0F177D41DFD2AA /* Pods-MediYoga.release.xcconfig */ = {isa = PBXFileReference; includeInIndex = 1; lastKnownFileType = text.xcconfig; name = "Pods-MediYoga.release.xcconfig"; path = "Target Support Files/Pods-MediYoga/Pods-MediYoga.release.xcconfig"; sourceTree = "<group>"; };
		7C1DF223C9F4B10D804F8335 /* Pods_MediYogaTests.framework */ = {isa = PBXFileReference; explicitFileType = wrapper.framework; includeInIndex = 0; path = Pods_MediYogaTests.framework; sourceTree = BUILT_PRODUCTS_DIR; };
		A8AF72965EF56EE6D2C748FA /* Pods-MediYogaTests.release.xcconfig */ = {isa = PBXFileReference; includeInIndex = 1; lastKnownFileType = text.xcconfig; name = "Pods-MediYogaTests.release.xcconfig"; path = "Target Support Files/Pods-MediYogaTests/Pods-MediYogaTests.release.xcconfig"; sourceTree = "<group>"; };
		C209D1F9B7BD898A0DD57ED1 /* Pods-MediYoga-MediYogaUITests.release.xcconfig */ = {isa = PBXFileReference; includeInIndex = 1; lastKnownFileType = text.xcconfig; name = "Pods-MediYoga-MediYogaUITests.release.xcconfig"; path = "Target Support Files/Pods-MediYoga-MediYogaUITests/Pods-MediYoga-MediYogaUITests.release.xcconfig"; sourceTree = "<group>"; };
		E4A1EA675B671BABAC4C90CC /* Pods-MediYoga.debug.xcconfig */ = {isa = PBXFileReference; includeInIndex = 1; lastKnownFileType = text.xcconfig; name = "Pods-MediYoga.debug.xcconfig"; path = "Target Support Files/Pods-MediYoga/Pods-MediYoga.debug.xcconfig"; sourceTree = "<group>"; };
		EB63E8C5E291D51FDBA74F00 /* Pods_MediYoga.framework */ = {isa = PBXFileReference; explicitFileType = wrapper.framework; includeInIndex = 0; path = Pods_MediYoga.framework; sourceTree = BUILT_PRODUCTS_DIR; };
/* End PBXFileReference section */

/* Begin PBXFrameworksBuildPhase section */
		210E88B825186F0100C59A6E /* Frameworks */ = {
			isa = PBXFrameworksBuildPhase;
			buildActionMask = 2147483647;
			files = (
				4DFBA1C26013C033CD1C6C0F /* Pods_MediYoga.framework in Frameworks */,
			);
			runOnlyForDeploymentPostprocessing = 0;
		};
		210E88CE25186F0600C59A6E /* Frameworks */ = {
			isa = PBXFrameworksBuildPhase;
			buildActionMask = 2147483647;
			files = (
				6B7330852AFE95615098D82A /* Pods_MediYogaTests.framework in Frameworks */,
			);
			runOnlyForDeploymentPostprocessing = 0;
		};
		210E88D925186F0600C59A6E /* Frameworks */ = {
			isa = PBXFrameworksBuildPhase;
			buildActionMask = 2147483647;
			files = (
				AD6AA2D3028819344BD5FE55 /* Pods_MediYoga_MediYogaUITests.framework in Frameworks */,
			);
			runOnlyForDeploymentPostprocessing = 0;
		};
/* End PBXFrameworksBuildPhase section */

/* Begin PBXGroup section */
		210E88B225186F0100C59A6E = {
			isa = PBXGroup;
			children = (
				210E88BD25186F0100C59A6E /* MediYoga */,
				210E88D425186F0600C59A6E /* MediYogaTests */,
				210E88DF25186F0600C59A6E /* MediYogaUITests */,
				210E88BC25186F0100C59A6E /* Products */,
				BC0CFEEB5C83AAFB80AA27C0 /* Pods */,
				4FB1CD6C74B843DE8D291BC1 /* Frameworks */,
			);
			sourceTree = "<group>";
		};
		210E88BC25186F0100C59A6E /* Products */ = {
			isa = PBXGroup;
			children = (
				210E88BB25186F0100C59A6E /* MediYoga.app */,
				210E88D125186F0600C59A6E /* MediYogaTests.xctest */,
				210E88DC25186F0600C59A6E /* MediYogaUITests.xctest */,
			);
			name = Products;
			sourceTree = "<group>";
		};
		210E88BD25186F0100C59A6E /* MediYoga */ = {
			isa = PBXGroup;
			children = (
				210E88BE25186F0100C59A6E /* AppDelegate.swift */,
				210E88C025186F0100C59A6E /* SceneDelegate.swift */,
				213ED729255910A300621F4E /* TabViewController.swift */,
				2110038225331F7500018E34 /* Signup_Page */,
				2110038325331FB100018E34 /* Login_Page */,
				21100388253320D300018E34 /* Communication */,
				2110038425331FE100018E34 /* Appointment */,
				211003892533217D00018E34 /* AdminCommunication */,
				2110038A253321D200018E34 /* Settings */,
				2110038B2533221000018E34 /* ResetPassword */,
				2110038C2533223300018E34 /* PatientDetails */,
				2110038D2533227700018E34 /* Priscription */,
				2110038E2533229900018E34 /* LabRequest */,
				2110038F2533231800018E34 /* CaseHistory */,
				211003902533237500018E34 /* Validation */,
				2155B41B252BA04600148B92 /* GoogleService-Info.plist */,
				210E88CC25186F0500C59A6E /* Info.plist */,
				210E88C925186F0500C59A6E /* LaunchScreen.storyboard */,
				210E88C425186F0100C59A6E /* Main.storyboard */,
				210E88C725186F0500C59A6E /* Assets.xcassets */,
				21FDDEB5254741DC0022AE94 /* Reachability.swift */,
			);
			path = MediYoga;
			sourceTree = "<group>";
		};
		210E88D425186F0600C59A6E /* MediYogaTests */ = {
			isa = PBXGroup;
			children = (
				210E88D525186F0600C59A6E /* MediYogaTests.swift */,
				210E88D725186F0600C59A6E /* Info.plist */,
			);
			path = MediYogaTests;
			sourceTree = "<group>";
		};
		210E88DF25186F0600C59A6E /* MediYogaUITests */ = {
			isa = PBXGroup;
			children = (
				210E88E025186F0600C59A6E /* MediYogaUITests.swift */,
				210E88E225186F0600C59A6E /* Info.plist */,
			);
			path = MediYogaUITests;
			sourceTree = "<group>";
		};
		2110038225331F7500018E34 /* Signup_Page */ = {
			isa = PBXGroup;
			children = (
				216661F92519266A000373DA /* SignupViewController.swift */,
			);
			path = Signup_Page;
			sourceTree = "<group>";
		};
		2110038325331FB100018E34 /* Login_Page */ = {
			isa = PBXGroup;
			children = (
				210E88C225186F0100C59A6E /* ViewController.swift */,
			);
			path = Login_Page;
			sourceTree = "<group>";
		};
		2110038425331FE100018E34 /* Appointment */ = {
			isa = PBXGroup;
			children = (
				21674E5A2530D579007D1D13 /* NOTESViewController.swift */,
				2176A8042518A059005979E9 /* AppointmentViewController.swift */,
				2176A8192518D56B005979E9 /* AppointmentTableViewCell.swift */,
				218AD761254C9CC500E169E4 /* WeeklyViewController.swift */,
				21EAC39C254F2AEF0085F9B9 /* StickyGrid_CollectionViewLayout.swift */,
				21EAC3A1254F2BA80085F9B9 /* CollectionViewCell.swift */,
				21EAC3A2254F2BA80085F9B9 /* CollectionViewCell.xib */,
				21011C762553FCD100F97B73 /* CollectionViewCell_1.swift */,
				21011C772553FCD100F97B73 /* CollectionViewCell_1.xib */,
				216CA46E2556F06800A5D04A /* MontlyViewController.swift */,
				216CA4732556F0AC00A5D04A /* MonthlyTableViewCell.swift */,
				216CA4742556F0AC00A5D04A /* MonthlyTableViewCell.xib */,
			);
			path = Appointment;
			sourceTree = "<group>";
		};
		21100388253320D300018E34 /* Communication */ = {
			isa = PBXGroup;
			children = (
				2120D49A2528C457003332EF /* ComImageTableViewCell.swift */,
				2176A80D2518C2B8005979E9 /* CommunicationViewController.swift */,
				2176A8122518D542005979E9 /* CommunicationTableViewCell.swift */,
				212800CA2523906800110A10 /* ComChatViewController.swift */,
				212800CF252394ED00110A10 /* ComChatTableViewCell.swift */,
				2155B414252B895400148B92 /* ComChatReceiverTableViewCell.swift */,
				21EB295825398AA600D26F6F /* ComChatReceiveimageTableViewCell.swift */,
				212864B9257007E100976E12 /* ImageZoomViewController.swift */,
				212FF9E0253D531400E6BD8D /* AudioFileDoctorTableViewCell.swift */,
				212FF9EA253D534500E6BD8D /* AudioFilePatientTableViewCell.swift */,
				212FF9EB253D534500E6BD8D /* AudioFilePatientTableViewCell.xib */,
				212FF9E1253D531400E6BD8D /* AudioFileDoctorTableViewCell.xib */,
				21EB295925398AA700D26F6F /* ComChatReceiveimageTableViewCell.xib */,
				2120D49B2528C457003332EF /* ComImageTableViewCell.xib */,
				2155B415252B895400148B92 /* ComChatReceiverTableViewCell.xib */,
			);
			path = Communication;
			sourceTree = "<group>";
		};
		211003892533217D00018E34 /* AdminCommunication */ = {
			isa = PBXGroup;
			children = (
				2176A8262518DC7D005979E9 /* AdminCommunicationViewController.swift */,
				2176A82B2518DCA4005979E9 /* AdminCommunicationTableViewCell.swift */,
				211003982533582100018E34 /* AdminComViewController.swift */,
				2110039D2533585F00018E34 /* AdminComTableViewCell.swift */,
				211003A22533588400018E34 /* AdminComImageTableViewCell.swift */,
				21A27C5E2570E54A0087BBEE /* AdminimageZoomViewController.swift */,
				21A175A425400D3A008950AB /* AdminAudioTableViewCell.swift */,
				21A175AE25400D6A008950AB /* DoctorAudioTableViewCell.swift */,
				21A175B825400D87008950AB /* DoctorImageTableViewCell.swift */,
				21A175C225400DA1008950AB /* AdminTextTableViewCell.swift */,
				211003A32533588400018E34 /* AdminComImageTableViewCell.xib */,
				21A175A525400D3A008950AB /* AdminAudioTableViewCell.xib */,
				21A175AF25400D6A008950AB /* DoctorAudioTableViewCell.xib */,
				21A175B925400D88008950AB /* DoctorImageTableViewCell.xib */,
				21A175C325400DA1008950AB /* AdminTextTableViewCell.xib */,
			);
			path = AdminCommunication;
			sourceTree = "<group>";
		};
		2110038A253321D200018E34 /* Settings */ = {
			isa = PBXGroup;
			children = (
				2176A83F2518E08B005979E9 /* SettingsViewController.swift */,
				2176A8382518E063005979E9 /* SettingsTableViewCell.swift */,
				2176A8472518E3A9005979E9 /* SettingsTableViewCell_1.swift */,
				2176A8512518E3D3005979E9 /* SettingsTableViewCell_2.swift */,
				2176A8582518E3F3005979E9 /* SettingsTableViewCell_3.swift */,
			);
			path = Settings;
			sourceTree = "<group>";
		};
		2110038B2533221000018E34 /* ResetPassword */ = {
			isa = PBXGroup;
			children = (
				210331CF2518EA7A0022E0E8 /* ResetPasswordViewController.swift */,
			);
			path = ResetPassword;
			sourceTree = "<group>";
		};
		2110038C2533223300018E34 /* PatientDetails */ = {
			isa = PBXGroup;
			children = (
				211E7501251B27F500BFB6DC /* PatientDetailsViewController.swift */,
				21FBA7F1251B542000466C3A /* PatientDetailsCollectionViewCell.swift */,
				21FBA7FC251B7B3A00466C3A /* PatientHeaderCollectionReusableView.swift */,
			);
			path = PatientDetails;
			sourceTree = "<group>";
		};
		2110038D2533227700018E34 /* Priscription */ = {
			isa = PBXGroup;
			children = (
				2116C527251BD1B700E7C6F2 /* PriscriptionViewController.swift */,
				2116C52C251BD27000E7C6F2 /* PriscriptionTableViewCell.swift */,
			);
			path = Priscription;
			sourceTree = "<group>";
		};
		2110038E2533229900018E34 /* LabRequest */ = {
			isa = PBXGroup;
			children = (
				219A1247251E4CAC0045F3B8 /* labxibTableViewCell.xib */,
				219A1246251E4CAC0045F3B8 /* labxibTableViewCell.swift */,
				21005DDD251BE4210078E470 /* LabRequestViewController.swift */,
				21005DD6251BE3F90078E470 /* LabRequestTableViewCell.swift */,
			);
			path = LabRequest;
			sourceTree = "<group>";
		};
		2110038F2533231800018E34 /* CaseHistory */ = {
			isa = PBXGroup;
			children = (
				2152AAB7252085F4009DAC98 /* CaseHistoryViewController.swift */,
				219846352521133A00E35F26 /* checkhistoryTableViewCell.swift */,
			);
			path = CaseHistory;
			sourceTree = "<group>";
		};
		211003902533237500018E34 /* Validation */ = {
			isa = PBXGroup;
			children = (
				21CEA26E25262ED80049B4F7 /* Validation.swift */,
			);
			path = Validation;
			sourceTree = "<group>";
		};
		4FB1CD6C74B843DE8D291BC1 /* Frameworks */ = {
			isa = PBXGroup;
			children = (
				EB63E8C5E291D51FDBA74F00 /* Pods_MediYoga.framework */,
				47C6BC63ADA1263EAF4E3702 /* Pods_MediYoga_MediYogaUITests.framework */,
				7C1DF223C9F4B10D804F8335 /* Pods_MediYogaTests.framework */,
			);
			name = Frameworks;
			sourceTree = "<group>";
		};
		BC0CFEEB5C83AAFB80AA27C0 /* Pods */ = {
			isa = PBXGroup;
			children = (
				E4A1EA675B671BABAC4C90CC /* Pods-MediYoga.debug.xcconfig */,
				7A614FF0AF0F177D41DFD2AA /* Pods-MediYoga.release.xcconfig */,
				5CB90679DBAFB43AB7DCF838 /* Pods-MediYoga-MediYogaUITests.debug.xcconfig */,
				C209D1F9B7BD898A0DD57ED1 /* Pods-MediYoga-MediYogaUITests.release.xcconfig */,
				2AA3419D738772D6C7B5F776 /* Pods-MediYogaTests.debug.xcconfig */,
				A8AF72965EF56EE6D2C748FA /* Pods-MediYogaTests.release.xcconfig */,
			);
			path = Pods;
			sourceTree = "<group>";
		};
/* End PBXGroup section */

/* Begin PBXNativeTarget section */
		210E88BA25186F0100C59A6E /* MediYoga */ = {
			isa = PBXNativeTarget;
			buildConfigurationList = 210E88E525186F0600C59A6E /* Build configuration list for PBXNativeTarget "MediYoga" */;
			buildPhases = (
				D8C751FD5E5F85CDAB0CA8BF /* [CP] Check Pods Manifest.lock */,
				210E88B725186F0100C59A6E /* Sources */,
				210E88B825186F0100C59A6E /* Frameworks */,
				210E88B925186F0100C59A6E /* Resources */,
				AE408023BFD3A556CCEC3543 /* [CP] Embed Pods Frameworks */,
			);
			buildRules = (
			);
			dependencies = (
			);
			name = MediYoga;
			productName = MediYoga;
			productReference = 210E88BB25186F0100C59A6E /* MediYoga.app */;
			productType = "com.apple.product-type.application";
		};
		210E88D025186F0600C59A6E /* MediYogaTests */ = {
			isa = PBXNativeTarget;
			buildConfigurationList = 210E88E825186F0600C59A6E /* Build configuration list for PBXNativeTarget "MediYogaTests" */;
			buildPhases = (
				A2C5DFC8C675EB3BD094673A /* [CP] Check Pods Manifest.lock */,
				210E88CD25186F0600C59A6E /* Sources */,
				210E88CE25186F0600C59A6E /* Frameworks */,
				210E88CF25186F0600C59A6E /* Resources */,
			);
			buildRules = (
			);
			dependencies = (
				210E88D325186F0600C59A6E /* PBXTargetDependency */,
			);
			name = MediYogaTests;
			productName = MediYogaTests;
			productReference = 210E88D125186F0600C59A6E /* MediYogaTests.xctest */;
			productType = "com.apple.product-type.bundle.unit-test";
		};
		210E88DB25186F0600C59A6E /* MediYogaUITests */ = {
			isa = PBXNativeTarget;
			buildConfigurationList = 210E88EB25186F0600C59A6E /* Build configuration list for PBXNativeTarget "MediYogaUITests" */;
			buildPhases = (
				1E365D3EFF3867CDC1EF545C /* [CP] Check Pods Manifest.lock */,
				210E88D825186F0600C59A6E /* Sources */,
				210E88D925186F0600C59A6E /* Frameworks */,
				210E88DA25186F0600C59A6E /* Resources */,
				45EDE747258EB02128537283 /* [CP] Embed Pods Frameworks */,
			);
			buildRules = (
			);
			dependencies = (
				210E88DE25186F0600C59A6E /* PBXTargetDependency */,
			);
			name = MediYogaUITests;
			productName = MediYogaUITests;
			productReference = 210E88DC25186F0600C59A6E /* MediYogaUITests.xctest */;
			productType = "com.apple.product-type.bundle.ui-testing";
		};
/* End PBXNativeTarget section */

/* Begin PBXProject section */
		210E88B325186F0100C59A6E /* Project object */ = {
			isa = PBXProject;
			attributes = {
				LastSwiftUpdateCheck = 1200;
				LastUpgradeCheck = 1200;
				TargetAttributes = {
					210E88BA25186F0100C59A6E = {
						CreatedOnToolsVersion = 12.0;
					};
					210E88D025186F0600C59A6E = {
						CreatedOnToolsVersion = 12.0;
						TestTargetID = 210E88BA25186F0100C59A6E;
					};
					210E88DB25186F0600C59A6E = {
						CreatedOnToolsVersion = 12.0;
						TestTargetID = 210E88BA25186F0100C59A6E;
					};
				};
			};
			buildConfigurationList = 210E88B625186F0100C59A6E /* Build configuration list for PBXProject "MediYoga" */;
			compatibilityVersion = "Xcode 9.3";
			developmentRegion = en;
			hasScannedForEncodings = 0;
			knownRegions = (
				en,
				Base,
			);
			mainGroup = 210E88B225186F0100C59A6E;
			productRefGroup = 210E88BC25186F0100C59A6E /* Products */;
			projectDirPath = "";
			projectRoot = "";
			targets = (
				210E88BA25186F0100C59A6E /* MediYoga */,
				210E88D025186F0600C59A6E /* MediYogaTests */,
				210E88DB25186F0600C59A6E /* MediYogaUITests */,
			);
		};
/* End PBXProject section */

/* Begin PBXResourcesBuildPhase section */
		210E88B925186F0100C59A6E /* Resources */ = {
			isa = PBXResourcesBuildPhase;
			buildActionMask = 2147483647;
			files = (
				2120D49D2528C457003332EF /* ComImageTableViewCell.xib in Resources */,
				210E88CB25186F0500C59A6E /* LaunchScreen.storyboard in Resources */,
				21A175A725400D3A008950AB /* AdminAudioTableViewCell.xib in Resources */,
				216CA4762556F0AC00A5D04A /* MonthlyTableViewCell.xib in Resources */,
				2155B417252B895400148B92 /* ComChatReceiverTableViewCell.xib in Resources */,
				210E88C825186F0500C59A6E /* Assets.xcassets in Resources */,
				21A175B125400D6A008950AB /* DoctorAudioTableViewCell.xib in Resources */,
				21A175BB25400D88008950AB /* DoctorImageTableViewCell.xib in Resources */,
				212FF9E3253D531400E6BD8D /* AudioFileDoctorTableViewCell.xib in Resources */,
				21011C792553FCD100F97B73 /* CollectionViewCell_1.xib in Resources */,
				212FF9ED253D534500E6BD8D /* AudioFilePatientTableViewCell.xib in Resources */,
				21A175C525400DA1008950AB /* AdminTextTableViewCell.xib in Resources */,
				219A1249251E4CAC0045F3B8 /* labxibTableViewCell.xib in Resources */,
				211003A52533588400018E34 /* AdminComImageTableViewCell.xib in Resources */,
				21EB295B25398AA700D26F6F /* ComChatReceiveimageTableViewCell.xib in Resources */,
				2155B41C252BA04600148B92 /* GoogleService-Info.plist in Resources */,
				21EAC3A4254F2BA80085F9B9 /* CollectionViewCell.xib in Resources */,
				210E88C625186F0100C59A6E /* Main.storyboard in Resources */,
			);
			runOnlyForDeploymentPostprocessing = 0;
		};
		210E88CF25186F0600C59A6E /* Resources */ = {
			isa = PBXResourcesBuildPhase;
			buildActionMask = 2147483647;
			files = (
			);
			runOnlyForDeploymentPostprocessing = 0;
		};
		210E88DA25186F0600C59A6E /* Resources */ = {
			isa = PBXResourcesBuildPhase;
			buildActionMask = 2147483647;
			files = (
			);
			runOnlyForDeploymentPostprocessing = 0;
		};
/* End PBXResourcesBuildPhase section */

/* Begin PBXShellScriptBuildPhase section */
		1E365D3EFF3867CDC1EF545C /* [CP] Check Pods Manifest.lock */ = {
			isa = PBXShellScriptBuildPhase;
			buildActionMask = 2147483647;
			files = (
			);
			inputFileListPaths = (
			);
			inputPaths = (
				"${PODS_PODFILE_DIR_PATH}/Podfile.lock",
				"${PODS_ROOT}/Manifest.lock",
			);
			name = "[CP] Check Pods Manifest.lock";
			outputFileListPaths = (
			);
			outputPaths = (
				"$(DERIVED_FILE_DIR)/Pods-MediYoga-MediYogaUITests-checkManifestLockResult.txt",
			);
			runOnlyForDeploymentPostprocessing = 0;
			shellPath = /bin/sh;
			shellScript = "diff \"${PODS_PODFILE_DIR_PATH}/Podfile.lock\" \"${PODS_ROOT}/Manifest.lock\" > /dev/null\nif [ $? != 0 ] ; then\n    # print error to STDERR\n    echo \"error: The sandbox is not in sync with the Podfile.lock. Run 'pod install' or update your CocoaPods installation.\" >&2\n    exit 1\nfi\n# This output is used by Xcode 'outputs' to avoid re-running this script phase.\necho \"SUCCESS\" > \"${SCRIPT_OUTPUT_FILE_0}\"\n";
			showEnvVarsInLog = 0;
		};
		45EDE747258EB02128537283 /* [CP] Embed Pods Frameworks */ = {
			isa = PBXShellScriptBuildPhase;
			buildActionMask = 2147483647;
			files = (
			);
			inputFileListPaths = (
				"${PODS_ROOT}/Target Support Files/Pods-MediYoga-MediYogaUITests/Pods-MediYoga-MediYogaUITests-frameworks-${CONFIGURATION}-input-files.xcfilelist",
			);
			name = "[CP] Embed Pods Frameworks";
			outputFileListPaths = (
				"${PODS_ROOT}/Target Support Files/Pods-MediYoga-MediYogaUITests/Pods-MediYoga-MediYogaUITests-frameworks-${CONFIGURATION}-output-files.xcfilelist",
			);
			runOnlyForDeploymentPostprocessing = 0;
			shellPath = /bin/sh;
			shellScript = "\"${PODS_ROOT}/Target Support Files/Pods-MediYoga-MediYogaUITests/Pods-MediYoga-MediYogaUITests-frameworks.sh\"\n";
			showEnvVarsInLog = 0;
		};
		A2C5DFC8C675EB3BD094673A /* [CP] Check Pods Manifest.lock */ = {
			isa = PBXShellScriptBuildPhase;
			buildActionMask = 2147483647;
			files = (
			);
			inputFileListPaths = (
			);
			inputPaths = (
				"${PODS_PODFILE_DIR_PATH}/Podfile.lock",
				"${PODS_ROOT}/Manifest.lock",
			);
			name = "[CP] Check Pods Manifest.lock";
			outputFileListPaths = (
			);
			outputPaths = (
				"$(DERIVED_FILE_DIR)/Pods-MediYogaTests-checkManifestLockResult.txt",
			);
			runOnlyForDeploymentPostprocessing = 0;
			shellPath = /bin/sh;
			shellScript = "diff \"${PODS_PODFILE_DIR_PATH}/Podfile.lock\" \"${PODS_ROOT}/Manifest.lock\" > /dev/null\nif [ $? != 0 ] ; then\n    # print error to STDERR\n    echo \"error: The sandbox is not in sync with the Podfile.lock. Run 'pod install' or update your CocoaPods installation.\" >&2\n    exit 1\nfi\n# This output is used by Xcode 'outputs' to avoid re-running this script phase.\necho \"SUCCESS\" > \"${SCRIPT_OUTPUT_FILE_0}\"\n";
			showEnvVarsInLog = 0;
		};
		AE408023BFD3A556CCEC3543 /* [CP] Embed Pods Frameworks */ = {
			isa = PBXShellScriptBuildPhase;
			buildActionMask = 2147483647;
			files = (
			);
			inputFileListPaths = (
				"${PODS_ROOT}/Target Support Files/Pods-MediYoga/Pods-MediYoga-frameworks-${CONFIGURATION}-input-files.xcfilelist",
			);
			name = "[CP] Embed Pods Frameworks";
			outputFileListPaths = (
				"${PODS_ROOT}/Target Support Files/Pods-MediYoga/Pods-MediYoga-frameworks-${CONFIGURATION}-output-files.xcfilelist",
			);
			runOnlyForDeploymentPostprocessing = 0;
			shellPath = /bin/sh;
			shellScript = "\"${PODS_ROOT}/Target Support Files/Pods-MediYoga/Pods-MediYoga-frameworks.sh\"\n";
			showEnvVarsInLog = 0;
		};
		D8C751FD5E5F85CDAB0CA8BF /* [CP] Check Pods Manifest.lock */ = {
			isa = PBXShellScriptBuildPhase;
			buildActionMask = 2147483647;
			files = (
			);
			inputFileListPaths = (
			);
			inputPaths = (
				"${PODS_PODFILE_DIR_PATH}/Podfile.lock",
				"${PODS_ROOT}/Manifest.lock",
			);
			name = "[CP] Check Pods Manifest.lock";
			outputFileListPaths = (
			);
			outputPaths = (
				"$(DERIVED_FILE_DIR)/Pods-MediYoga-checkManifestLockResult.txt",
			);
			runOnlyForDeploymentPostprocessing = 0;
			shellPath = /bin/sh;
			shellScript = "diff \"${PODS_PODFILE_DIR_PATH}/Podfile.lock\" \"${PODS_ROOT}/Manifest.lock\" > /dev/null\nif [ $? != 0 ] ; then\n    # print error to STDERR\n    echo \"error: The sandbox is not in sync with the Podfile.lock. Run 'pod install' or update your CocoaPods installation.\" >&2\n    exit 1\nfi\n# This output is used by Xcode 'outputs' to avoid re-running this script phase.\necho \"SUCCESS\" > \"${SCRIPT_OUTPUT_FILE_0}\"\n";
			showEnvVarsInLog = 0;
		};
/* End PBXShellScriptBuildPhase section */

/* Begin PBXSourcesBuildPhase section */
		210E88B725186F0100C59A6E /* Sources */ = {
			isa = PBXSourcesBuildPhase;
			buildActionMask = 2147483647;
			files = (
				2176A8142518D542005979E9 /* CommunicationTableViewCell.swift in Sources */,
				21EAC39D254F2AEF0085F9B9 /* StickyGrid_CollectionViewLayout.swift in Sources */,
				21A175B025400D6A008950AB /* DoctorAudioTableViewCell.swift in Sources */,
				219A1248251E4CAC0045F3B8 /* labxibTableViewCell.swift in Sources */,
				212FF9E2253D531400E6BD8D /* AudioFileDoctorTableViewCell.swift in Sources */,
				2176A8052518A059005979E9 /* AppointmentViewController.swift in Sources */,
				21EAC3A3254F2BA80085F9B9 /* CollectionViewCell.swift in Sources */,
				21FBA7FD251B7B3A00466C3A /* PatientHeaderCollectionReusableView.swift in Sources */,
				213ED72A255910A400621F4E /* TabViewController.swift in Sources */,
				2176A8402518E08B005979E9 /* SettingsViewController.swift in Sources */,
				21A175BA25400D88008950AB /* DoctorImageTableViewCell.swift in Sources */,
				211E7502251B27F500BFB6DC /* PatientDetailsViewController.swift in Sources */,
				2116C52E251BD27000E7C6F2 /* PriscriptionTableViewCell.swift in Sources */,
				2116C528251BD1B700E7C6F2 /* PriscriptionViewController.swift in Sources */,
				21A175A625400D3A008950AB /* AdminAudioTableViewCell.swift in Sources */,
				210E88C325186F0100C59A6E /* ViewController.swift in Sources */,
				2152AAB8252085F4009DAC98 /* CaseHistoryViewController.swift in Sources */,
				21005DDE251BE4210078E470 /* LabRequestViewController.swift in Sources */,
				21005DD8251BE3F90078E470 /* LabRequestTableViewCell.swift in Sources */,
				216CA4752556F0AC00A5D04A /* MonthlyTableViewCell.swift in Sources */,
				21674E5B2530D579007D1D13 /* NOTESViewController.swift in Sources */,
				2110039E2533585F00018E34 /* AdminComTableViewCell.swift in Sources */,
				211003992533582100018E34 /* AdminComViewController.swift in Sources */,
				212800CB2523906800110A10 /* ComChatViewController.swift in Sources */,
				2176A8532518E3D3005979E9 /* SettingsTableViewCell_2.swift in Sources */,
				2176A81B2518D56B005979E9 /* AppointmentTableViewCell.swift in Sources */,
				210E88BF25186F0100C59A6E /* AppDelegate.swift in Sources */,
				212864BA257007E100976E12 /* ImageZoomViewController.swift in Sources */,
				210E88C125186F0100C59A6E /* SceneDelegate.swift in Sources */,
				21CEA26F25262ED90049B4F7 /* Validation.swift in Sources */,
				21A175C425400DA1008950AB /* AdminTextTableViewCell.swift in Sources */,
				21EB295A25398AA700D26F6F /* ComChatReceiveimageTableViewCell.swift in Sources */,
				21011C782553FCD100F97B73 /* CollectionViewCell_1.swift in Sources */,
				211003A42533588400018E34 /* AdminComImageTableViewCell.swift in Sources */,
				2176A80E2518C2B8005979E9 /* CommunicationViewController.swift in Sources */,
				218AD762254C9CC600E169E4 /* WeeklyViewController.swift in Sources */,
				2176A8492518E3A9005979E9 /* SettingsTableViewCell_1.swift in Sources */,
				212FF9EC253D534500E6BD8D /* AudioFilePatientTableViewCell.swift in Sources */,
				216661FA2519266A000373DA /* SignupViewController.swift in Sources */,
				2176A82D2518DCA4005979E9 /* AdminCommunicationTableViewCell.swift in Sources */,
				2176A83A2518E063005979E9 /* SettingsTableViewCell.swift in Sources */,
				2120D49C2528C457003332EF /* ComImageTableViewCell.swift in Sources */,
				216CA46F2556F06800A5D04A /* MontlyViewController.swift in Sources */,
				212800D1252394ED00110A10 /* ComChatTableViewCell.swift in Sources */,
				210331D02518EA7A0022E0E8 /* ResetPasswordViewController.swift in Sources */,
				21A27C5F2570E54A0087BBEE /* AdminimageZoomViewController.swift in Sources */,
				21FBA7F3251B542000466C3A /* PatientDetailsCollectionViewCell.swift in Sources */,
				2176A85A2518E3F3005979E9 /* SettingsTableViewCell_3.swift in Sources */,
				219846372521133A00E35F26 /* checkhistoryTableViewCell.swift in Sources */,
				2155B416252B895400148B92 /* ComChatReceiverTableViewCell.swift in Sources */,
				21FDDEB6254741DC0022AE94 /* Reachability.swift in Sources */,
				2176A8272518DC7D005979E9 /* AdminCommunicationViewController.swift in Sources */,
			);
			runOnlyForDeploymentPostprocessing = 0;
		};
		210E88CD25186F0600C59A6E /* Sources */ = {
			isa = PBXSourcesBuildPhase;
			buildActionMask = 2147483647;
			files = (
				210E88D625186F0600C59A6E /* MediYogaTests.swift in Sources */,
			);
			runOnlyForDeploymentPostprocessing = 0;
		};
		210E88D825186F0600C59A6E /* Sources */ = {
			isa = PBXSourcesBuildPhase;
			buildActionMask = 2147483647;
			files = (
				210E88E125186F0600C59A6E /* MediYogaUITests.swift in Sources */,
			);
			runOnlyForDeploymentPostprocessing = 0;
		};
/* End PBXSourcesBuildPhase section */

/* Begin PBXTargetDependency section */
		210E88D325186F0600C59A6E /* PBXTargetDependency */ = {
			isa = PBXTargetDependency;
			target = 210E88BA25186F0100C59A6E /* MediYoga */;
			targetProxy = 210E88D225186F0600C59A6E /* PBXContainerItemProxy */;
		};
		210E88DE25186F0600C59A6E /* PBXTargetDependency */ = {
			isa = PBXTargetDependency;
			target = 210E88BA25186F0100C59A6E /* MediYoga */;
			targetProxy = 210E88DD25186F0600C59A6E /* PBXContainerItemProxy */;
		};
/* End PBXTargetDependency section */

/* Begin PBXVariantGroup section */
		210E88C425186F0100C59A6E /* Main.storyboard */ = {
			isa = PBXVariantGroup;
			children = (
				210E88C525186F0100C59A6E /* Base */,
			);
			name = Main.storyboard;
			sourceTree = "<group>";
		};
		210E88C925186F0500C59A6E /* LaunchScreen.storyboard */ = {
			isa = PBXVariantGroup;
			children = (
				210E88CA25186F0500C59A6E /* Base */,
			);
			name = LaunchScreen.storyboard;
			sourceTree = "<group>";
		};
/* End PBXVariantGroup section */

/* Begin XCBuildConfiguration section */
		210E88E325186F0600C59A6E /* Debug */ = {
			isa = XCBuildConfiguration;
			buildSettings = {
				ALWAYS_SEARCH_USER_PATHS = NO;
				CLANG_ANALYZER_NONNULL = YES;
				CLANG_ANALYZER_NUMBER_OBJECT_CONVERSION = YES_AGGRESSIVE;
				CLANG_CXX_LANGUAGE_STANDARD = "gnu++14";
				CLANG_CXX_LIBRARY = "libc++";
				CLANG_ENABLE_MODULES = YES;
				CLANG_ENABLE_OBJC_ARC = YES;
				CLANG_ENABLE_OBJC_WEAK = YES;
				CLANG_WARN_BLOCK_CAPTURE_AUTORELEASING = YES;
				CLANG_WARN_BOOL_CONVERSION = YES;
				CLANG_WARN_COMMA = YES;
				CLANG_WARN_CONSTANT_CONVERSION = YES;
				CLANG_WARN_DEPRECATED_OBJC_IMPLEMENTATIONS = YES;
				CLANG_WARN_DIRECT_OBJC_ISA_USAGE = YES_ERROR;
				CLANG_WARN_DOCUMENTATION_COMMENTS = YES;
				CLANG_WARN_EMPTY_BODY = YES;
				CLANG_WARN_ENUM_CONVERSION = YES;
				CLANG_WARN_INFINITE_RECURSION = YES;
				CLANG_WARN_INT_CONVERSION = YES;
				CLANG_WARN_NON_LITERAL_NULL_CONVERSION = YES;
				CLANG_WARN_OBJC_IMPLICIT_RETAIN_SELF = YES;
				CLANG_WARN_OBJC_LITERAL_CONVERSION = YES;
				CLANG_WARN_OBJC_ROOT_CLASS = YES_ERROR;
				CLANG_WARN_QUOTED_INCLUDE_IN_FRAMEWORK_HEADER = YES;
				CLANG_WARN_RANGE_LOOP_ANALYSIS = YES;
				CLANG_WARN_STRICT_PROTOTYPES = YES;
				CLANG_WARN_SUSPICIOUS_MOVE = YES;
				CLANG_WARN_UNGUARDED_AVAILABILITY = YES_AGGRESSIVE;
				CLANG_WARN_UNREACHABLE_CODE = YES;
				CLANG_WARN__DUPLICATE_METHOD_MATCH = YES;
				COPY_PHASE_STRIP = NO;
				DEBUG_INFORMATION_FORMAT = dwarf;
				ENABLE_STRICT_OBJC_MSGSEND = YES;
				ENABLE_TESTABILITY = YES;
				GCC_C_LANGUAGE_STANDARD = gnu11;
				GCC_DYNAMIC_NO_PIC = NO;
				GCC_NO_COMMON_BLOCKS = YES;
				GCC_OPTIMIZATION_LEVEL = 0;
				GCC_PREPROCESSOR_DEFINITIONS = (
					"DEBUG=1",
					"$(inherited)",
				);
				GCC_WARN_64_TO_32_BIT_CONVERSION = YES;
				GCC_WARN_ABOUT_RETURN_TYPE = YES_ERROR;
				GCC_WARN_UNDECLARED_SELECTOR = YES;
				GCC_WARN_UNINITIALIZED_AUTOS = YES_AGGRESSIVE;
				GCC_WARN_UNUSED_FUNCTION = YES;
				GCC_WARN_UNUSED_VARIABLE = YES;
				IPHONEOS_DEPLOYMENT_TARGET = 14.0;
				MTL_ENABLE_DEBUG_INFO = INCLUDE_SOURCE;
				MTL_FAST_MATH = YES;
				ONLY_ACTIVE_ARCH = YES;
				SDKROOT = iphoneos;
				SWIFT_ACTIVE_COMPILATION_CONDITIONS = DEBUG;
				SWIFT_OPTIMIZATION_LEVEL = "-Onone";
			};
			name = Debug;
		};
		210E88E425186F0600C59A6E /* Release */ = {
			isa = XCBuildConfiguration;
			buildSettings = {
				ALWAYS_SEARCH_USER_PATHS = NO;
				CLANG_ANALYZER_NONNULL = YES;
				CLANG_ANALYZER_NUMBER_OBJECT_CONVERSION = YES_AGGRESSIVE;
				CLANG_CXX_LANGUAGE_STANDARD = "gnu++14";
				CLANG_CXX_LIBRARY = "libc++";
				CLANG_ENABLE_MODULES = YES;
				CLANG_ENABLE_OBJC_ARC = YES;
				CLANG_ENABLE_OBJC_WEAK = YES;
				CLANG_WARN_BLOCK_CAPTURE_AUTORELEASING = YES;
				CLANG_WARN_BOOL_CONVERSION = YES;
				CLANG_WARN_COMMA = YES;
				CLANG_WARN_CONSTANT_CONVERSION = YES;
				CLANG_WARN_DEPRECATED_OBJC_IMPLEMENTATIONS = YES;
				CLANG_WARN_DIRECT_OBJC_ISA_USAGE = YES_ERROR;
				CLANG_WARN_DOCUMENTATION_COMMENTS = YES;
				CLANG_WARN_EMPTY_BODY = YES;
				CLANG_WARN_ENUM_CONVERSION = YES;
				CLANG_WARN_INFINITE_RECURSION = YES;
				CLANG_WARN_INT_CONVERSION = YES;
				CLANG_WARN_NON_LITERAL_NULL_CONVERSION = YES;
				CLANG_WARN_OBJC_IMPLICIT_RETAIN_SELF = YES;
				CLANG_WARN_OBJC_LITERAL_CONVERSION = YES;
				CLANG_WARN_OBJC_ROOT_CLASS = YES_ERROR;
				CLANG_WARN_QUOTED_INCLUDE_IN_FRAMEWORK_HEADER = YES;
				CLANG_WARN_RANGE_LOOP_ANALYSIS = YES;
				CLANG_WARN_STRICT_PROTOTYPES = YES;
				CLANG_WARN_SUSPICIOUS_MOVE = YES;
				CLANG_WARN_UNGUARDED_AVAILABILITY = YES_AGGRESSIVE;
				CLANG_WARN_UNREACHABLE_CODE = YES;
				CLANG_WARN__DUPLICATE_METHOD_MATCH = YES;
				COPY_PHASE_STRIP = NO;
				DEBUG_INFORMATION_FORMAT = "dwarf-with-dsym";
				ENABLE_NS_ASSERTIONS = NO;
				ENABLE_STRICT_OBJC_MSGSEND = YES;
				GCC_C_LANGUAGE_STANDARD = gnu11;
				GCC_NO_COMMON_BLOCKS = YES;
				GCC_WARN_64_TO_32_BIT_CONVERSION = YES;
				GCC_WARN_ABOUT_RETURN_TYPE = YES_ERROR;
				GCC_WARN_UNDECLARED_SELECTOR = YES;
				GCC_WARN_UNINITIALIZED_AUTOS = YES_AGGRESSIVE;
				GCC_WARN_UNUSED_FUNCTION = YES;
				GCC_WARN_UNUSED_VARIABLE = YES;
				IPHONEOS_DEPLOYMENT_TARGET = 14.0;
				MTL_ENABLE_DEBUG_INFO = NO;
				MTL_FAST_MATH = YES;
				SDKROOT = iphoneos;
				SWIFT_COMPILATION_MODE = wholemodule;
				SWIFT_OPTIMIZATION_LEVEL = "-O";
				VALIDATE_PRODUCT = YES;
			};
			name = Release;
		};
		210E88E625186F0600C59A6E /* Debug */ = {
			isa = XCBuildConfiguration;
			baseConfigurationReference = E4A1EA675B671BABAC4C90CC /* Pods-MediYoga.debug.xcconfig */;
			buildSettings = {
				ASSETCATALOG_COMPILER_APPICON_NAME = AppIcon;
				ASSETCATALOG_COMPILER_GLOBAL_ACCENT_COLOR_NAME = AccentColor;
				CODE_SIGN_STYLE = Automatic;
				DEVELOPMENT_TEAM = GL92UNQ3FG;
				INFOPLIST_FILE = MediYoga/Info.plist;
				LD_RUNPATH_SEARCH_PATHS = (
					"$(inherited)",
					"@executable_path/Frameworks",
				);
				PRODUCT_BUNDLE_IDENTIFIER = "JANTEL-CORP.MediYoga";
				PRODUCT_NAME = "$(TARGET_NAME)";
				SWIFT_VERSION = 5.0;
				TARGETED_DEVICE_FAMILY = "1,2";
			};
			name = Debug;
		};
		210E88E725186F0600C59A6E /* Release */ = {
			isa = XCBuildConfiguration;
			baseConfigurationReference = 7A614FF0AF0F177D41DFD2AA /* Pods-MediYoga.release.xcconfig */;
			buildSettings = {
				ASSETCATALOG_COMPILER_APPICON_NAME = AppIcon;
				ASSETCATALOG_COMPILER_GLOBAL_ACCENT_COLOR_NAME = AccentColor;
				CODE_SIGN_STYLE = Automatic;
				DEVELOPMENT_TEAM = GL92UNQ3FG;
				INFOPLIST_FILE = MediYoga/Info.plist;
				LD_RUNPATH_SEARCH_PATHS = (
					"$(inherited)",
					"@executable_path/Frameworks",
				);
				PRODUCT_BUNDLE_IDENTIFIER = "JANTEL-CORP.MediYoga";
				PRODUCT_NAME = "$(TARGET_NAME)";
				SWIFT_VERSION = 5.0;
				TARGETED_DEVICE_FAMILY = "1,2";
			};
			name = Release;
		};
		210E88E925186F0600C59A6E /* Debug */ = {
			isa = XCBuildConfiguration;
			baseConfigurationReference = 2AA3419D738772D6C7B5F776 /* Pods-MediYogaTests.debug.xcconfig */;
			buildSettings = {
				ALWAYS_EMBED_SWIFT_STANDARD_LIBRARIES = YES;
				BUNDLE_LOADER = "$(TEST_HOST)";
				CODE_SIGN_STYLE = Automatic;
				DEVELOPMENT_TEAM = GL92UNQ3FG;
				INFOPLIST_FILE = MediYogaTests/Info.plist;
				IPHONEOS_DEPLOYMENT_TARGET = 14.0;
				LD_RUNPATH_SEARCH_PATHS = (
					"$(inherited)",
					"@executable_path/Frameworks",
					"@loader_path/Frameworks",
				);
				PRODUCT_BUNDLE_IDENTIFIER = "JANTEL-CORP.MediYogaTests";
				PRODUCT_NAME = "$(TARGET_NAME)";
				SWIFT_VERSION = 5.0;
				TARGETED_DEVICE_FAMILY = "1,2";
				TEST_HOST = "$(BUILT_PRODUCTS_DIR)/MediYoga.app/MediYoga";
			};
			name = Debug;
		};
		210E88EA25186F0600C59A6E /* Release */ = {
			isa = XCBuildConfiguration;
			baseConfigurationReference = A8AF72965EF56EE6D2C748FA /* Pods-MediYogaTests.release.xcconfig */;
			buildSettings = {
				ALWAYS_EMBED_SWIFT_STANDARD_LIBRARIES = YES;
				BUNDLE_LOADER = "$(TEST_HOST)";
				CODE_SIGN_STYLE = Automatic;
				DEVELOPMENT_TEAM = GL92UNQ3FG;
				INFOPLIST_FILE = MediYogaTests/Info.plist;
				IPHONEOS_DEPLOYMENT_TARGET = 14.0;
				LD_RUNPATH_SEARCH_PATHS = (
					"$(inherited)",
					"@executable_path/Frameworks",
					"@loader_path/Frameworks",
				);
				PRODUCT_BUNDLE_IDENTIFIER = "JANTEL-CORP.MediYogaTests";
				PRODUCT_NAME = "$(TARGET_NAME)";
				SWIFT_VERSION = 5.0;
				TARGETED_DEVICE_FAMILY = "1,2";
				TEST_HOST = "$(BUILT_PRODUCTS_DIR)/MediYoga.app/MediYoga";
			};
			name = Release;
		};
		210E88EC25186F0600C59A6E /* Debug */ = {
			isa = XCBuildConfiguration;
			baseConfigurationReference = 5CB90679DBAFB43AB7DCF838 /* Pods-MediYoga-MediYogaUITests.debug.xcconfig */;
			buildSettings = {
				ALWAYS_EMBED_SWIFT_STANDARD_LIBRARIES = YES;
				CODE_SIGN_STYLE = Automatic;
				DEVELOPMENT_TEAM = GL92UNQ3FG;
				INFOPLIST_FILE = MediYogaUITests/Info.plist;
				LD_RUNPATH_SEARCH_PATHS = (
					"$(inherited)",
					"@executable_path/Frameworks",
					"@loader_path/Frameworks",
				);
				PRODUCT_BUNDLE_IDENTIFIER = "JANTEL-CORP.MediYogaUITests";
				PRODUCT_NAME = "$(TARGET_NAME)";
				SWIFT_VERSION = 5.0;
				TARGETED_DEVICE_FAMILY = "1,2";
				TEST_TARGET_NAME = MediYoga;
			};
			name = Debug;
		};
		210E88ED25186F0600C59A6E /* Release */ = {
			isa = XCBuildConfiguration;
			baseConfigurationReference = C209D1F9B7BD898A0DD57ED1 /* Pods-MediYoga-MediYogaUITests.release.xcconfig */;
			buildSettings = {
				ALWAYS_EMBED_SWIFT_STANDARD_LIBRARIES = YES;
				CODE_SIGN_STYLE = Automatic;
				DEVELOPMENT_TEAM = GL92UNQ3FG;
				INFOPLIST_FILE = MediYogaUITests/Info.plist;
				LD_RUNPATH_SEARCH_PATHS = (
					"$(inherited)",
					"@executable_path/Frameworks",
					"@loader_path/Frameworks",
				);
				PRODUCT_BUNDLE_IDENTIFIER = "JANTEL-CORP.MediYogaUITests";
				PRODUCT_NAME = "$(TARGET_NAME)";
				SWIFT_VERSION = 5.0;
				TARGETED_DEVICE_FAMILY = "1,2";
				TEST_TARGET_NAME = MediYoga;
			};
			name = Release;
		};
/* End XCBuildConfiguration section */

/* Begin XCConfigurationList section */
		210E88B625186F0100C59A6E /* Build configuration list for PBXProject "MediYoga" */ = {
			isa = XCConfigurationList;
			buildConfigurations = (
				210E88E325186F0600C59A6E /* Debug */,
				210E88E425186F0600C59A6E /* Release */,
			);
			defaultConfigurationIsVisible = 0;
			defaultConfigurationName = Release;
		};
		210E88E525186F0600C59A6E /* Build configuration list for PBXNativeTarget "MediYoga" */ = {
			isa = XCConfigurationList;
			buildConfigurations = (
				210E88E625186F0600C59A6E /* Debug */,
				210E88E725186F0600C59A6E /* Release */,
			);
			defaultConfigurationIsVisible = 0;
			defaultConfigurationName = Release;
		};
		210E88E825186F0600C59A6E /* Build configuration list for PBXNativeTarget "MediYogaTests" */ = {
			isa = XCConfigurationList;
			buildConfigurations = (
				210E88E925186F0600C59A6E /* Debug */,
				210E88EA25186F0600C59A6E /* Release */,
			);
			defaultConfigurationIsVisible = 0;
			defaultConfigurationName = Release;
		};
		210E88EB25186F0600C59A6E /* Build configuration list for PBXNativeTarget "MediYogaUITests" */ = {
			isa = XCConfigurationList;
			buildConfigurations = (
				210E88EC25186F0600C59A6E /* Debug */,
				210E88ED25186F0600C59A6E /* Release */,
			);
			defaultConfigurationIsVisible = 0;
			defaultConfigurationName = Release;
		};
/* End XCConfigurationList section */
	};
	rootObject = 210E88B325186F0100C59A6E /* Project object */;
}
