// !$*UTF8*$!
{
	archiveVersion = 1;
	classes = {
	};
	objectVersion = 51;
	objects = {

/* Begin PBXBuildFile section */
		21005DD8251BE3F90078E470 /* LabRequestTableViewCell.swift in Sources */ = {isa = PBXBuildFile; fileRef = 21005DD6251BE3F90078E470 /* LabRequestTableViewCell.swift */; };
		21005DD9251BE3F90078E470 /* LabRequestTableViewCell.xib in Resources */ = {isa = PBXBuildFile; fileRef = 21005DD7251BE3F90078E470 /* LabRequestTableViewCell.xib */; };
		21005DDE251BE4210078E470 /* LabRequestViewController.swift in Sources */ = {isa = PBXBuildFile; fileRef = 21005DDD251BE4210078E470 /* LabRequestViewController.swift */; };
		21005DE9251BFC010078E470 /* AdminChatViewController.swift in Sources */ = {isa = PBXBuildFile; fileRef = 21005DE8251BFC010078E470 /* AdminChatViewController.swift */; };
		210331D02518EA7A0022E0E8 /* ResetPasswordViewController.swift in Sources */ = {isa = PBXBuildFile; fileRef = 210331CF2518EA7A0022E0E8 /* ResetPasswordViewController.swift */; };
		210E88BF25186F0100C59A6E /* AppDelegate.swift in Sources */ = {isa = PBXBuildFile; fileRef = 210E88BE25186F0100C59A6E /* AppDelegate.swift */; };
		210E88C125186F0100C59A6E /* SceneDelegate.swift in Sources */ = {isa = PBXBuildFile; fileRef = 210E88C025186F0100C59A6E /* SceneDelegate.swift */; };
		210E88C325186F0100C59A6E /* ViewController.swift in Sources */ = {isa = PBXBuildFile; fileRef = 210E88C225186F0100C59A6E /* ViewController.swift */; };
		210E88C625186F0100C59A6E /* Main.storyboard in Resources */ = {isa = PBXBuildFile; fileRef = 210E88C425186F0100C59A6E /* Main.storyboard */; };
		210E88C825186F0500C59A6E /* Assets.xcassets in Resources */ = {isa = PBXBuildFile; fileRef = 210E88C725186F0500C59A6E /* Assets.xcassets */; };
		210E88CB25186F0500C59A6E /* LaunchScreen.storyboard in Resources */ = {isa = PBXBuildFile; fileRef = 210E88C925186F0500C59A6E /* LaunchScreen.storyboard */; };
		210E88D625186F0600C59A6E /* MediYogaTests.swift in Sources */ = {isa = PBXBuildFile; fileRef = 210E88D525186F0600C59A6E /* MediYogaTests.swift */; };
		210E88E125186F0600C59A6E /* MediYogaUITests.swift in Sources */ = {isa = PBXBuildFile; fileRef = 210E88E025186F0600C59A6E /* MediYogaUITests.swift */; };
		2116C522251BC2F400E7C6F2 /* Allign.swift in Sources */ = {isa = PBXBuildFile; fileRef = 2116C521251BC2F400E7C6F2 /* Allign.swift */; };
		2116C528251BD1B700E7C6F2 /* PriscriptionViewController.swift in Sources */ = {isa = PBXBuildFile; fileRef = 2116C527251BD1B700E7C6F2 /* PriscriptionViewController.swift */; };
		2116C52E251BD27000E7C6F2 /* PriscriptionTableViewCell.swift in Sources */ = {isa = PBXBuildFile; fileRef = 2116C52C251BD27000E7C6F2 /* PriscriptionTableViewCell.swift */; };
		2116C52F251BD27000E7C6F2 /* PriscriptionTableViewCell.xib in Resources */ = {isa = PBXBuildFile; fileRef = 2116C52D251BD27000E7C6F2 /* PriscriptionTableViewCell.xib */; };
		2118DE8F2529076A008C4D43 /* Data.swift in Sources */ = {isa = PBXBuildFile; fileRef = 2118DE8E2529076A008C4D43 /* Data.swift */; };
		211E7502251B27F500BFB6DC /* PatientDetailsViewController.swift in Sources */ = {isa = PBXBuildFile; fileRef = 211E7501251B27F500BFB6DC /* PatientDetailsViewController.swift */; };
		2120D49C2528C457003332EF /* ComImageTableViewCell.swift in Sources */ = {isa = PBXBuildFile; fileRef = 2120D49A2528C457003332EF /* ComImageTableViewCell.swift */; };
		2120D49D2528C457003332EF /* ComImageTableViewCell.xib in Resources */ = {isa = PBXBuildFile; fileRef = 2120D49B2528C457003332EF /* ComImageTableViewCell.xib */; };
		212800CB2523906800110A10 /* ComChatViewController.swift in Sources */ = {isa = PBXBuildFile; fileRef = 212800CA2523906800110A10 /* ComChatViewController.swift */; };
		212800D1252394ED00110A10 /* ComChatTableViewCell.swift in Sources */ = {isa = PBXBuildFile; fileRef = 212800CF252394ED00110A10 /* ComChatTableViewCell.swift */; };
		212800D2252394ED00110A10 /* ComChatTableViewCell.xib in Resources */ = {isa = PBXBuildFile; fileRef = 212800D0252394ED00110A10 /* ComChatTableViewCell.xib */; };
		212800D72523978500110A10 /* ComChatMessageStruct.swift in Sources */ = {isa = PBXBuildFile; fileRef = 212800D62523978500110A10 /* ComChatMessageStruct.swift */; };
		21435767251CF4B2002DC326 /* CommunicationChatViewController.swift in Sources */ = {isa = PBXBuildFile; fileRef = 21435766251CF4B2002DC326 /* CommunicationChatViewController.swift */; };
		2152AAB8252085F4009DAC98 /* CaseHistoryViewController.swift in Sources */ = {isa = PBXBuildFile; fileRef = 2152AAB7252085F4009DAC98 /* CaseHistoryViewController.swift */; };
		21550D5B2521CAF1004A46B9 /* DropDown.swift in Sources */ = {isa = PBXBuildFile; fileRef = 21550D592521CAF1004A46B9 /* DropDown.swift */; };
		21550D5C2521CAF1004A46B9 /* DropDown.xib in Resources */ = {isa = PBXBuildFile; fileRef = 21550D5A2521CAF1004A46B9 /* DropDown.xib */; };
		21550D612521FC59004A46B9 /* ChattingCommViewController.swift in Sources */ = {isa = PBXBuildFile; fileRef = 21550D602521FC59004A46B9 /* ChattingCommViewController.swift */; };
		2155B416252B895400148B92 /* ComChatReceiverTableViewCell.swift in Sources */ = {isa = PBXBuildFile; fileRef = 2155B414252B895400148B92 /* ComChatReceiverTableViewCell.swift */; };
		2155B417252B895400148B92 /* ComChatReceiverTableViewCell.xib in Resources */ = {isa = PBXBuildFile; fileRef = 2155B415252B895400148B92 /* ComChatReceiverTableViewCell.xib */; };
		2155B41C252BA04600148B92 /* GoogleService-Info.plist in Resources */ = {isa = PBXBuildFile; fileRef = 2155B41B252BA04600148B92 /* GoogleService-Info.plist */; };
		216661FA2519266A000373DA /* SignupViewController.swift in Sources */ = {isa = PBXBuildFile; fileRef = 216661F92519266A000373DA /* SignupViewController.swift */; };
		2176A8052518A059005979E9 /* AppointmentViewController.swift in Sources */ = {isa = PBXBuildFile; fileRef = 2176A8042518A059005979E9 /* AppointmentViewController.swift */; };
		2176A80E2518C2B8005979E9 /* CommunicationViewController.swift in Sources */ = {isa = PBXBuildFile; fileRef = 2176A80D2518C2B8005979E9 /* CommunicationViewController.swift */; };
		2176A8142518D542005979E9 /* CommunicationTableViewCell.swift in Sources */ = {isa = PBXBuildFile; fileRef = 2176A8122518D542005979E9 /* CommunicationTableViewCell.swift */; };
		2176A8152518D542005979E9 /* CommunicationTableViewCell.xib in Resources */ = {isa = PBXBuildFile; fileRef = 2176A8132518D542005979E9 /* CommunicationTableViewCell.xib */; };
		2176A81B2518D56B005979E9 /* ApplicationTableViewCell.swift in Sources */ = {isa = PBXBuildFile; fileRef = 2176A8192518D56B005979E9 /* ApplicationTableViewCell.swift */; };
		2176A81C2518D56B005979E9 /* ApplicationTableViewCell.xib in Resources */ = {isa = PBXBuildFile; fileRef = 2176A81A2518D56B005979E9 /* ApplicationTableViewCell.xib */; };
		2176A8272518DC7D005979E9 /* AdminCommunicationViewController.swift in Sources */ = {isa = PBXBuildFile; fileRef = 2176A8262518DC7D005979E9 /* AdminCommunicationViewController.swift */; };
		2176A82D2518DCA4005979E9 /* AdminCommunicationTableViewCell.swift in Sources */ = {isa = PBXBuildFile; fileRef = 2176A82B2518DCA4005979E9 /* AdminCommunicationTableViewCell.swift */; };
		2176A82E2518DCA4005979E9 /* AdminCommunicationTableViewCell.xib in Resources */ = {isa = PBXBuildFile; fileRef = 2176A82C2518DCA4005979E9 /* AdminCommunicationTableViewCell.xib */; };
		2176A83A2518E063005979E9 /* SettingsTableViewCell.swift in Sources */ = {isa = PBXBuildFile; fileRef = 2176A8382518E063005979E9 /* SettingsTableViewCell.swift */; };
		2176A83B2518E063005979E9 /* SettingsTableViewCell.xib in Resources */ = {isa = PBXBuildFile; fileRef = 2176A8392518E063005979E9 /* SettingsTableViewCell.xib */; };
		2176A8402518E08B005979E9 /* SettingsViewController.swift in Sources */ = {isa = PBXBuildFile; fileRef = 2176A83F2518E08B005979E9 /* SettingsViewController.swift */; };
		2176A8492518E3A9005979E9 /* SettingsTableViewCell_1.swift in Sources */ = {isa = PBXBuildFile; fileRef = 2176A8472518E3A9005979E9 /* SettingsTableViewCell_1.swift */; };
		2176A84A2518E3A9005979E9 /* SettingsTableViewCell_1.xib in Resources */ = {isa = PBXBuildFile; fileRef = 2176A8482518E3A9005979E9 /* SettingsTableViewCell_1.xib */; };
		2176A8532518E3D3005979E9 /* SettingsTableViewCell_2.swift in Sources */ = {isa = PBXBuildFile; fileRef = 2176A8512518E3D3005979E9 /* SettingsTableViewCell_2.swift */; };
		2176A8542518E3D3005979E9 /* SettingsTableViewCell_2.xib in Resources */ = {isa = PBXBuildFile; fileRef = 2176A8522518E3D3005979E9 /* SettingsTableViewCell_2.xib */; };
		2176A85A2518E3F3005979E9 /* SettingsTableViewCell_3.swift in Sources */ = {isa = PBXBuildFile; fileRef = 2176A8582518E3F3005979E9 /* SettingsTableViewCell_3.swift */; };
		2176A85B2518E3F3005979E9 /* SettingsTableViewCell_3.xib in Resources */ = {isa = PBXBuildFile; fileRef = 2176A8592518E3F3005979E9 /* SettingsTableViewCell_3.xib */; };
		21822103251C5A170022AD65 /* ViewControllertest.swift in Sources */ = {isa = PBXBuildFile; fileRef = 21822102251C5A170022AD65 /* ViewControllertest.swift */; };
		21822108251C5AE40022AD65 /* ViewControllertest2.swift in Sources */ = {isa = PBXBuildFile; fileRef = 21822107251C5AE40022AD65 /* ViewControllertest2.swift */; };
		2182210F251C6F6D0022AD65 /* AdminChatMessageCell.swift in Sources */ = {isa = PBXBuildFile; fileRef = 2182210D251C6F6D0022AD65 /* AdminChatMessageCell.swift */; };
		21822110251C6F6D0022AD65 /* AdminChatMessageCell.xib in Resources */ = {isa = PBXBuildFile; fileRef = 2182210E251C6F6D0022AD65 /* AdminChatMessageCell.xib */; };
		219846372521133A00E35F26 /* checkhistoryTableViewCell.swift in Sources */ = {isa = PBXBuildFile; fileRef = 219846352521133A00E35F26 /* checkhistoryTableViewCell.swift */; };
		219846382521133A00E35F26 /* check historyTableViewCell.xib in Resources */ = {isa = PBXBuildFile; fileRef = 219846362521133A00E35F26 /* check historyTableViewCell.xib */; };
		219A1248251E4CAC0045F3B8 /* labxibTableViewCell.swift in Sources */ = {isa = PBXBuildFile; fileRef = 219A1246251E4CAC0045F3B8 /* labxibTableViewCell.swift */; };
		219A1249251E4CAC0045F3B8 /* labxibTableViewCell.xib in Resources */ = {isa = PBXBuildFile; fileRef = 219A1247251E4CAC0045F3B8 /* labxibTableViewCell.xib */; };
		21CEA26F25262ED90049B4F7 /* Validation.swift in Sources */ = {isa = PBXBuildFile; fileRef = 21CEA26E25262ED80049B4F7 /* Validation.swift */; };
		21F37A892524FCE1002AD530 /* AdminComViewController.swift in Sources */ = {isa = PBXBuildFile; fileRef = 21F37A882524FCE0002AD530 /* AdminComViewController.swift */; };
		21F37A8F2524FD1D002AD530 /* AdminComTableViewCell.swift in Sources */ = {isa = PBXBuildFile; fileRef = 21F37A8D2524FD1D002AD530 /* AdminComTableViewCell.swift */; };
		21F37A902524FD1D002AD530 /* AdminComTableViewCell.xib in Resources */ = {isa = PBXBuildFile; fileRef = 21F37A8E2524FD1D002AD530 /* AdminComTableViewCell.xib */; };
		21F37A952524FEF2002AD530 /* AdminComStruct.swift in Sources */ = {isa = PBXBuildFile; fileRef = 21F37A942524FEF2002AD530 /* AdminComStruct.swift */; };
		21FBA7F3251B542000466C3A /* PatientDetailsCollectionViewCell.swift in Sources */ = {isa = PBXBuildFile; fileRef = 21FBA7F1251B542000466C3A /* PatientDetailsCollectionViewCell.swift */; };
		21FBA7F4251B542000466C3A /* PatientDetailsCollectionViewCell.xib in Resources */ = {isa = PBXBuildFile; fileRef = 21FBA7F2251B542000466C3A /* PatientDetailsCollectionViewCell.xib */; };
		21FBA7FD251B7B3A00466C3A /* PatientHeaderCollectionReusableView.swift in Sources */ = {isa = PBXBuildFile; fileRef = 21FBA7FC251B7B3A00466C3A /* PatientHeaderCollectionReusableView.swift */; };
		453F9F82ECCC12D2C73A7F44 /* Pods_MediYogaTests.framework in Frameworks */ = {isa = PBXBuildFile; fileRef = A9DAC850BE3D0B7C15D985A2 /* Pods_MediYogaTests.framework */; };
		C3CFB4CC77BA3E8FB7EE9984 /* Pods_MediYoga.framework in Frameworks */ = {isa = PBXBuildFile; fileRef = 678EE7C9DC1C9FED92EAF122 /* Pods_MediYoga.framework */; };
		F1E440F16BC1BDDE7563EA32 /* Pods_MediYoga_MediYogaUITests.framework in Frameworks */ = {isa = PBXBuildFile; fileRef = 82C72EC84170159DDEB44762 /* Pods_MediYoga_MediYogaUITests.framework */; };
/* End PBXBuildFile section */

/* Begin PBXContainerItemProxy section */
		210E88D225186F0600C59A6E /* PBXContainerItemProxy */ = {
			isa = PBXContainerItemProxy;
			containerPortal = 210E88B325186F0100C59A6E /* Project object */;
			proxyType = 1;
			remoteGlobalIDString = 210E88BA25186F0100C59A6E;
			remoteInfo = MediYoga;
		};
		210E88DD25186F0600C59A6E /* PBXContainerItemProxy */ = {
			isa = PBXContainerItemProxy;
			containerPortal = 210E88B325186F0100C59A6E /* Project object */;
			proxyType = 1;
			remoteGlobalIDString = 210E88BA25186F0100C59A6E;
			remoteInfo = MediYoga;
		};
/* End PBXContainerItemProxy section */

/* Begin PBXFileReference section */
		21005DD6251BE3F90078E470 /* LabRequestTableViewCell.swift */ = {isa = PBXFileReference; lastKnownFileType = sourcecode.swift; path = LabRequestTableViewCell.swift; sourceTree = "<group>"; };
		21005DD7251BE3F90078E470 /* LabRequestTableViewCell.xib */ = {isa = PBXFileReference; lastKnownFileType = file.xib; path = LabRequestTableViewCell.xib; sourceTree = "<group>"; };
		21005DDD251BE4210078E470 /* LabRequestViewController.swift */ = {isa = PBXFileReference; lastKnownFileType = sourcecode.swift; path = LabRequestViewController.swift; sourceTree = "<group>"; };
		21005DE8251BFC010078E470 /* AdminChatViewController.swift */ = {isa = PBXFileReference; lastKnownFileType = sourcecode.swift; path = AdminChatViewController.swift; sourceTree = "<group>"; };
		210331CF2518EA7A0022E0E8 /* ResetPasswordViewController.swift */ = {isa = PBXFileReference; lastKnownFileType = sourcecode.swift; path = ResetPasswordViewController.swift; sourceTree = "<group>"; };
		210E88BB25186F0100C59A6E /* MediYoga.app */ = {isa = PBXFileReference; explicitFileType = wrapper.application; includeInIndex = 0; path = MediYoga.app; sourceTree = BUILT_PRODUCTS_DIR; };
		210E88BE25186F0100C59A6E /* AppDelegate.swift */ = {isa = PBXFileReference; lastKnownFileType = sourcecode.swift; path = AppDelegate.swift; sourceTree = "<group>"; };
		210E88C025186F0100C59A6E /* SceneDelegate.swift */ = {isa = PBXFileReference; lastKnownFileType = sourcecode.swift; path = SceneDelegate.swift; sourceTree = "<group>"; };
		210E88C225186F0100C59A6E /* ViewController.swift */ = {isa = PBXFileReference; lastKnownFileType = sourcecode.swift; path = ViewController.swift; sourceTree = "<group>"; };
		210E88C525186F0100C59A6E /* Base */ = {isa = PBXFileReference; lastKnownFileType = file.storyboard; name = Base; path = Base.lproj/Main.storyboard; sourceTree = "<group>"; };
		210E88C725186F0500C59A6E /* Assets.xcassets */ = {isa = PBXFileReference; lastKnownFileType = folder.assetcatalog; path = Assets.xcassets; sourceTree = "<group>"; };
		210E88CA25186F0500C59A6E /* Base */ = {isa = PBXFileReference; lastKnownFileType = file.storyboard; name = Base; path = Base.lproj/LaunchScreen.storyboard; sourceTree = "<group>"; };
		210E88CC25186F0500C59A6E /* Info.plist */ = {isa = PBXFileReference; lastKnownFileType = text.plist.xml; path = Info.plist; sourceTree = "<group>"; };
		210E88D125186F0600C59A6E /* MediYogaTests.xctest */ = {isa = PBXFileReference; explicitFileType = wrapper.cfbundle; includeInIndex = 0; path = MediYogaTests.xctest; sourceTree = BUILT_PRODUCTS_DIR; };
		210E88D525186F0600C59A6E /* MediYogaTests.swift */ = {isa = PBXFileReference; lastKnownFileType = sourcecode.swift; path = MediYogaTests.swift; sourceTree = "<group>"; };
		210E88D725186F0600C59A6E /* Info.plist */ = {isa = PBXFileReference; lastKnownFileType = text.plist.xml; path = Info.plist; sourceTree = "<group>"; };
		210E88DC25186F0600C59A6E /* MediYogaUITests.xctest */ = {isa = PBXFileReference; explicitFileType = wrapper.cfbundle; includeInIndex = 0; path = MediYogaUITests.xctest; sourceTree = BUILT_PRODUCTS_DIR; };
		210E88E025186F0600C59A6E /* MediYogaUITests.swift */ = {isa = PBXFileReference; lastKnownFileType = sourcecode.swift; path = MediYogaUITests.swift; sourceTree = "<group>"; };
		210E88E225186F0600C59A6E /* Info.plist */ = {isa = PBXFileReference; lastKnownFileType = text.plist.xml; path = Info.plist; sourceTree = "<group>"; };
		2116C521251BC2F400E7C6F2 /* Allign.swift */ = {isa = PBXFileReference; lastKnownFileType = sourcecode.swift; path = Allign.swift; sourceTree = "<group>"; };
		2116C527251BD1B700E7C6F2 /* PriscriptionViewController.swift */ = {isa = PBXFileReference; lastKnownFileType = sourcecode.swift; path = PriscriptionViewController.swift; sourceTree = "<group>"; };
		2116C52C251BD27000E7C6F2 /* PriscriptionTableViewCell.swift */ = {isa = PBXFileReference; lastKnownFileType = sourcecode.swift; path = PriscriptionTableViewCell.swift; sourceTree = "<group>"; };
		2116C52D251BD27000E7C6F2 /* PriscriptionTableViewCell.xib */ = {isa = PBXFileReference; lastKnownFileType = file.xib; path = PriscriptionTableViewCell.xib; sourceTree = "<group>"; };
		2118DE8E2529076A008C4D43 /* Data.swift */ = {isa = PBXFileReference; lastKnownFileType = sourcecode.swift; path = Data.swift; sourceTree = "<group>"; };
		211E7501251B27F500BFB6DC /* PatientDetailsViewController.swift */ = {isa = PBXFileReference; lastKnownFileType = sourcecode.swift; path = PatientDetailsViewController.swift; sourceTree = "<group>"; };
		2120D49A2528C457003332EF /* ComImageTableViewCell.swift */ = {isa = PBXFileReference; lastKnownFileType = sourcecode.swift; path = ComImageTableViewCell.swift; sourceTree = "<group>"; };
		2120D49B2528C457003332EF /* ComImageTableViewCell.xib */ = {isa = PBXFileReference; lastKnownFileType = file.xib; path = ComImageTableViewCell.xib; sourceTree = "<group>"; };
		212800CA2523906800110A10 /* ComChatViewController.swift */ = {isa = PBXFileReference; lastKnownFileType = sourcecode.swift; path = ComChatViewController.swift; sourceTree = "<group>"; };
		212800CF252394ED00110A10 /* ComChatTableViewCell.swift */ = {isa = PBXFileReference; lastKnownFileType = sourcecode.swift; path = ComChatTableViewCell.swift; sourceTree = "<group>"; };
		212800D0252394ED00110A10 /* ComChatTableViewCell.xib */ = {isa = PBXFileReference; lastKnownFileType = file.xib; path = ComChatTableViewCell.xib; sourceTree = "<group>"; };
		212800D62523978500110A10 /* ComChatMessageStruct.swift */ = {isa = PBXFileReference; lastKnownFileType = sourcecode.swift; path = ComChatMessageStruct.swift; sourceTree = "<group>"; };
		21435766251CF4B2002DC326 /* CommunicationChatViewController.swift */ = {isa = PBXFileReference; lastKnownFileType = sourcecode.swift; path = CommunicationChatViewController.swift; sourceTree = "<group>"; };
		2152AAB7252085F4009DAC98 /* CaseHistoryViewController.swift */ = {isa = PBXFileReference; lastKnownFileType = sourcecode.swift; path = CaseHistoryViewController.swift; sourceTree = "<group>"; };
		21550D592521CAF1004A46B9 /* DropDown.swift */ = {isa = PBXFileReference; lastKnownFileType = sourcecode.swift; path = DropDown.swift; sourceTree = "<group>"; };
		21550D5A2521CAF1004A46B9 /* DropDown.xib */ = {isa = PBXFileReference; lastKnownFileType = file.xib; path = DropDown.xib; sourceTree = "<group>"; };
		21550D602521FC59004A46B9 /* ChattingCommViewController.swift */ = {isa = PBXFileReference; lastKnownFileType = sourcecode.swift; path = ChattingCommViewController.swift; sourceTree = "<group>"; };
		2155B414252B895400148B92 /* ComChatReceiverTableViewCell.swift */ = {isa = PBXFileReference; lastKnownFileType = sourcecode.swift; path = ComChatReceiverTableViewCell.swift; sourceTree = "<group>"; };
		2155B415252B895400148B92 /* ComChatReceiverTableViewCell.xib */ = {isa = PBXFileReference; lastKnownFileType = file.xib; path = ComChatReceiverTableViewCell.xib; sourceTree = "<group>"; };
		2155B41B252BA04600148B92 /* GoogleService-Info.plist */ = {isa = PBXFileReference; fileEncoding = 4; lastKnownFileType = text.plist.xml; path = "GoogleService-Info.plist"; sourceTree = "<group>"; };
		216661F92519266A000373DA /* SignupViewController.swift */ = {isa = PBXFileReference; lastKnownFileType = sourcecode.swift; path = SignupViewController.swift; sourceTree = "<group>"; };
		2176A8042518A059005979E9 /* AppointmentViewController.swift */ = {isa = PBXFileReference; lastKnownFileType = sourcecode.swift; path = AppointmentViewController.swift; sourceTree = "<group>"; };
		2176A80D2518C2B8005979E9 /* CommunicationViewController.swift */ = {isa = PBXFileReference; lastKnownFileType = sourcecode.swift; path = CommunicationViewController.swift; sourceTree = "<group>"; };
		2176A8122518D542005979E9 /* CommunicationTableViewCell.swift */ = {isa = PBXFileReference; lastKnownFileType = sourcecode.swift; path = CommunicationTableViewCell.swift; sourceTree = "<group>"; };
		2176A8132518D542005979E9 /* CommunicationTableViewCell.xib */ = {isa = PBXFileReference; lastKnownFileType = file.xib; path = CommunicationTableViewCell.xib; sourceTree = "<group>"; };
		2176A8192518D56B005979E9 /* ApplicationTableViewCell.swift */ = {isa = PBXFileReference; lastKnownFileType = sourcecode.swift; path = ApplicationTableViewCell.swift; sourceTree = "<group>"; };
		2176A81A2518D56B005979E9 /* ApplicationTableViewCell.xib */ = {isa = PBXFileReference; lastKnownFileType = file.xib; path = ApplicationTableViewCell.xib; sourceTree = "<group>"; };
		2176A8262518DC7D005979E9 /* AdminCommunicationViewController.swift */ = {isa = PBXFileReference; lastKnownFileType = sourcecode.swift; path = AdminCommunicationViewController.swift; sourceTree = "<group>"; };
		2176A82B2518DCA4005979E9 /* AdminCommunicationTableViewCell.swift */ = {isa = PBXFileReference; lastKnownFileType = sourcecode.swift; path = AdminCommunicationTableViewCell.swift; sourceTree = "<group>"; };
		2176A82C2518DCA4005979E9 /* AdminCommunicationTableViewCell.xib */ = {isa = PBXFileReference; lastKnownFileType = file.xib; path = AdminCommunicationTableViewCell.xib; sourceTree = "<group>"; };
		2176A8382518E063005979E9 /* SettingsTableViewCell.swift */ = {isa = PBXFileReference; lastKnownFileType = sourcecode.swift; path = SettingsTableViewCell.swift; sourceTree = "<group>"; };
		2176A8392518E063005979E9 /* SettingsTableViewCell.xib */ = {isa = PBXFileReference; lastKnownFileType = file.xib; path = SettingsTableViewCell.xib; sourceTree = "<group>"; };
		2176A83F2518E08B005979E9 /* SettingsViewController.swift */ = {isa = PBXFileReference; lastKnownFileType = sourcecode.swift; path = SettingsViewController.swift; sourceTree = "<group>"; };
		2176A8472518E3A9005979E9 /* SettingsTableViewCell_1.swift */ = {isa = PBXFileReference; lastKnownFileType = sourcecode.swift; path = SettingsTableViewCell_1.swift; sourceTree = "<group>"; };
		2176A8482518E3A9005979E9 /* SettingsTableViewCell_1.xib */ = {isa = PBXFileReference; lastKnownFileType = file.xib; path = SettingsTableViewCell_1.xib; sourceTree = "<group>"; };
		2176A8512518E3D3005979E9 /* SettingsTableViewCell_2.swift */ = {isa = PBXFileReference; lastKnownFileType = sourcecode.swift; path = SettingsTableViewCell_2.swift; sourceTree = "<group>"; };
		2176A8522518E3D3005979E9 /* SettingsTableViewCell_2.xib */ = {isa = PBXFileReference; lastKnownFileType = file.xib; path = SettingsTableViewCell_2.xib; sourceTree = "<group>"; };
		2176A8582518E3F3005979E9 /* SettingsTableViewCell_3.swift */ = {isa = PBXFileReference; lastKnownFileType = sourcecode.swift; path = SettingsTableViewCell_3.swift; sourceTree = "<group>"; };
		2176A8592518E3F3005979E9 /* SettingsTableViewCell_3.xib */ = {isa = PBXFileReference; lastKnownFileType = file.xib; path = SettingsTableViewCell_3.xib; sourceTree = "<group>"; };
		21822102251C5A170022AD65 /* ViewControllertest.swift */ = {isa = PBXFileReference; lastKnownFileType = sourcecode.swift; path = ViewControllertest.swift; sourceTree = "<group>"; };
		21822107251C5AE40022AD65 /* ViewControllertest2.swift */ = {isa = PBXFileReference; lastKnownFileType = sourcecode.swift; path = ViewControllertest2.swift; sourceTree = "<group>"; };
		2182210D251C6F6D0022AD65 /* AdminChatMessageCell.swift */ = {isa = PBXFileReference; lastKnownFileType = sourcecode.swift; path = AdminChatMessageCell.swift; sourceTree = "<group>"; };
		2182210E251C6F6D0022AD65 /* AdminChatMessageCell.xib */ = {isa = PBXFileReference; lastKnownFileType = file.xib; path = AdminChatMessageCell.xib; sourceTree = "<group>"; };
		219846352521133A00E35F26 /* checkhistoryTableViewCell.swift */ = {isa = PBXFileReference; lastKnownFileType = sourcecode.swift; path = checkhistoryTableViewCell.swift; sourceTree = "<group>"; };
		219846362521133A00E35F26 /* check historyTableViewCell.xib */ = {isa = PBXFileReference; lastKnownFileType = file.xib; path = "check historyTableViewCell.xib"; sourceTree = "<group>"; };
		219A1246251E4CAC0045F3B8 /* labxibTableViewCell.swift */ = {isa = PBXFileReference; lastKnownFileType = sourcecode.swift; path = labxibTableViewCell.swift; sourceTree = "<group>"; };
		219A1247251E4CAC0045F3B8 /* labxibTableViewCell.xib */ = {isa = PBXFileReference; lastKnownFileType = file.xib; path = labxibTableViewCell.xib; sourceTree = "<group>"; };
		21CEA26E25262ED80049B4F7 /* Validation.swift */ = {isa = PBXFileReference; lastKnownFileType = sourcecode.swift; path = Validation.swift; sourceTree = "<group>"; };
		21F37A882524FCE0002AD530 /* AdminComViewController.swift */ = {isa = PBXFileReference; lastKnownFileType = sourcecode.swift; path = AdminComViewController.swift; sourceTree = "<group>"; };
		21F37A8D2524FD1D002AD530 /* AdminComTableViewCell.swift */ = {isa = PBXFileReference; lastKnownFileType = sourcecode.swift; path = AdminComTableViewCell.swift; sourceTree = "<group>"; };
		21F37A8E2524FD1D002AD530 /* AdminComTableViewCell.xib */ = {isa = PBXFileReference; lastKnownFileType = file.xib; path = AdminComTableViewCell.xib; sourceTree = "<group>"; };
		21F37A942524FEF2002AD530 /* AdminComStruct.swift */ = {isa = PBXFileReference; lastKnownFileType = sourcecode.swift; path = AdminComStruct.swift; sourceTree = "<group>"; };
		21FBA7F1251B542000466C3A /* PatientDetailsCollectionViewCell.swift */ = {isa = PBXFileReference; lastKnownFileType = sourcecode.swift; path = PatientDetailsCollectionViewCell.swift; sourceTree = "<group>"; };
		21FBA7F2251B542000466C3A /* PatientDetailsCollectionViewCell.xib */ = {isa = PBXFileReference; lastKnownFileType = file.xib; path = PatientDetailsCollectionViewCell.xib; sourceTree = "<group>"; };
		21FBA7FC251B7B3A00466C3A /* PatientHeaderCollectionReusableView.swift */ = {isa = PBXFileReference; lastKnownFileType = sourcecode.swift; path = PatientHeaderCollectionReusableView.swift; sourceTree = "<group>"; };
		3950F9F9D33721CF20927A14 /* Pods-MediYogaTests.debug.xcconfig */ = {isa = PBXFileReference; includeInIndex = 1; lastKnownFileType = text.xcconfig; name = "Pods-MediYogaTests.debug.xcconfig"; path = "Target Support Files/Pods-MediYogaTests/Pods-MediYogaTests.debug.xcconfig"; sourceTree = "<group>"; };
		461FC16EDEFD05F56100A1D0 /* Pods-MediYoga-MediYogaUITests.release.xcconfig */ = {isa = PBXFileReference; includeInIndex = 1; lastKnownFileType = text.xcconfig; name = "Pods-MediYoga-MediYogaUITests.release.xcconfig"; path = "Target Support Files/Pods-MediYoga-MediYogaUITests/Pods-MediYoga-MediYogaUITests.release.xcconfig"; sourceTree = "<group>"; };
		591BC7C03F361DF74F6A00D1 /* Pods-MediYoga-MediYogaUITests.debug.xcconfig */ = {isa = PBXFileReference; includeInIndex = 1; lastKnownFileType = text.xcconfig; name = "Pods-MediYoga-MediYogaUITests.debug.xcconfig"; path = "Target Support Files/Pods-MediYoga-MediYogaUITests/Pods-MediYoga-MediYogaUITests.debug.xcconfig"; sourceTree = "<group>"; };
		678EE7C9DC1C9FED92EAF122 /* Pods_MediYoga.framework */ = {isa = PBXFileReference; explicitFileType = wrapper.framework; includeInIndex = 0; path = Pods_MediYoga.framework; sourceTree = BUILT_PRODUCTS_DIR; };
		73CAA6C8CC1D5B2FFFF35909 /* Pods-MediYogaTests.release.xcconfig */ = {isa = PBXFileReference; includeInIndex = 1; lastKnownFileType = text.xcconfig; name = "Pods-MediYogaTests.release.xcconfig"; path = "Target Support Files/Pods-MediYogaTests/Pods-MediYogaTests.release.xcconfig"; sourceTree = "<group>"; };
		82C72EC84170159DDEB44762 /* Pods_MediYoga_MediYogaUITests.framework */ = {isa = PBXFileReference; explicitFileType = wrapper.framework; includeInIndex = 0; path = Pods_MediYoga_MediYogaUITests.framework; sourceTree = BUILT_PRODUCTS_DIR; };
		8A1CDC35E8B8A3C2B8572235 /* Pods-MediYoga.release.xcconfig */ = {isa = PBXFileReference; includeInIndex = 1; lastKnownFileType = text.xcconfig; name = "Pods-MediYoga.release.xcconfig"; path = "Target Support Files/Pods-MediYoga/Pods-MediYoga.release.xcconfig"; sourceTree = "<group>"; };
		A9DAC850BE3D0B7C15D985A2 /* Pods_MediYogaTests.framework */ = {isa = PBXFileReference; explicitFileType = wrapper.framework; includeInIndex = 0; path = Pods_MediYogaTests.framework; sourceTree = BUILT_PRODUCTS_DIR; };
		F324562BD0B17516539E9473 /* Pods-MediYoga.debug.xcconfig */ = {isa = PBXFileReference; includeInIndex = 1; lastKnownFileType = text.xcconfig; name = "Pods-MediYoga.debug.xcconfig"; path = "Target Support Files/Pods-MediYoga/Pods-MediYoga.debug.xcconfig"; sourceTree = "<group>"; };
/* End PBXFileReference section */

/* Begin PBXFrameworksBuildPhase section */
		210E88B825186F0100C59A6E /* Frameworks */ = {
			isa = PBXFrameworksBuildPhase;
			buildActionMask = 2147483647;
			files = (
				C3CFB4CC77BA3E8FB7EE9984 /* Pods_MediYoga.framework in Frameworks */,
			);
			runOnlyForDeploymentPostprocessing = 0;
		};
		210E88CE25186F0600C59A6E /* Frameworks */ = {
			isa = PBXFrameworksBuildPhase;
			buildActionMask = 2147483647;
			files = (
				453F9F82ECCC12D2C73A7F44 /* Pods_MediYogaTests.framework in Frameworks */,
			);
			runOnlyForDeploymentPostprocessing = 0;
		};
		210E88D925186F0600C59A6E /* Frameworks */ = {
			isa = PBXFrameworksBuildPhase;
			buildActionMask = 2147483647;
			files = (
				F1E440F16BC1BDDE7563EA32 /* Pods_MediYoga_MediYogaUITests.framework in Frameworks */,
			);
			runOnlyForDeploymentPostprocessing = 0;
		};
/* End PBXFrameworksBuildPhase section */

/* Begin PBXGroup section */
		210E88B225186F0100C59A6E = {
			isa = PBXGroup;
			children = (
				210E88BD25186F0100C59A6E /* MediYoga */,
				210E88D425186F0600C59A6E /* MediYogaTests */,
				210E88DF25186F0600C59A6E /* MediYogaUITests */,
				210E88BC25186F0100C59A6E /* Products */,
				BC0CFEEB5C83AAFB80AA27C0 /* Pods */,
				882CE1EADEE3BD6A24572515 /* Frameworks */,
			);
			sourceTree = "<group>";
		};
		210E88BC25186F0100C59A6E /* Products */ = {
			isa = PBXGroup;
			children = (
				210E88BB25186F0100C59A6E /* MediYoga.app */,
				210E88D125186F0600C59A6E /* MediYogaTests.xctest */,
				210E88DC25186F0600C59A6E /* MediYogaUITests.xctest */,
			);
			name = Products;
			sourceTree = "<group>";
		};
		210E88BD25186F0100C59A6E /* MediYoga */ = {
			isa = PBXGroup;
			children = (
				2120D49A2528C457003332EF /* ComImageTableViewCell.swift */,
				2120D49B2528C457003332EF /* ComImageTableViewCell.xib */,
				210E88BE25186F0100C59A6E /* AppDelegate.swift */,
				210E88C025186F0100C59A6E /* SceneDelegate.swift */,
				216661F92519266A000373DA /* SignupViewController.swift */,
				210E88C225186F0100C59A6E /* ViewController.swift */,
				2176A8042518A059005979E9 /* AppointmentViewController.swift */,
				2176A8192518D56B005979E9 /* ApplicationTableViewCell.swift */,
				2155B41B252BA04600148B92 /* GoogleService-Info.plist */,
				2176A80D2518C2B8005979E9 /* CommunicationViewController.swift */,
				2176A8122518D542005979E9 /* CommunicationTableViewCell.swift */,
				2176A8262518DC7D005979E9 /* AdminCommunicationViewController.swift */,
				2176A82B2518DCA4005979E9 /* AdminCommunicationTableViewCell.swift */,
				2176A83F2518E08B005979E9 /* SettingsViewController.swift */,
				2176A8382518E063005979E9 /* SettingsTableViewCell.swift */,
				2176A8472518E3A9005979E9 /* SettingsTableViewCell_1.swift */,
				2176A8512518E3D3005979E9 /* SettingsTableViewCell_2.swift */,
				2176A8582518E3F3005979E9 /* SettingsTableViewCell_3.swift */,
				210331CF2518EA7A0022E0E8 /* ResetPasswordViewController.swift */,
				211E7501251B27F500BFB6DC /* PatientDetailsViewController.swift */,
				21FBA7F1251B542000466C3A /* PatientDetailsCollectionViewCell.swift */,
				21FBA7FC251B7B3A00466C3A /* PatientHeaderCollectionReusableView.swift */,
				2116C527251BD1B700E7C6F2 /* PriscriptionViewController.swift */,
				2116C52C251BD27000E7C6F2 /* PriscriptionTableViewCell.swift */,
				21005DDD251BE4210078E470 /* LabRequestViewController.swift */,
				21005DD6251BE3F90078E470 /* LabRequestTableViewCell.swift */,
				21005DE8251BFC010078E470 /* AdminChatViewController.swift */,
				2182210D251C6F6D0022AD65 /* AdminChatMessageCell.swift */,
				210E88C425186F0100C59A6E /* Main.storyboard */,
				210E88C725186F0500C59A6E /* Assets.xcassets */,
				210E88C925186F0500C59A6E /* LaunchScreen.storyboard */,
				210E88CC25186F0500C59A6E /* Info.plist */,
				2176A8132518D542005979E9 /* CommunicationTableViewCell.xib */,
				2176A81A2518D56B005979E9 /* ApplicationTableViewCell.xib */,
				2176A82C2518DCA4005979E9 /* AdminCommunicationTableViewCell.xib */,
				2176A8392518E063005979E9 /* SettingsTableViewCell.xib */,
				2176A8482518E3A9005979E9 /* SettingsTableViewCell_1.xib */,
				2176A8522518E3D3005979E9 /* SettingsTableViewCell_2.xib */,
				2176A8592518E3F3005979E9 /* SettingsTableViewCell_3.xib */,
				21FBA7F2251B542000466C3A /* PatientDetailsCollectionViewCell.xib */,
				2116C521251BC2F400E7C6F2 /* Allign.swift */,
				2116C52D251BD27000E7C6F2 /* PriscriptionTableViewCell.xib */,
				21005DD7251BE3F90078E470 /* LabRequestTableViewCell.xib */,
				21822102251C5A170022AD65 /* ViewControllertest.swift */,
				21822107251C5AE40022AD65 /* ViewControllertest2.swift */,
				2182210E251C6F6D0022AD65 /* AdminChatMessageCell.xib */,
				21435766251CF4B2002DC326 /* CommunicationChatViewController.swift */,
				219A1246251E4CAC0045F3B8 /* labxibTableViewCell.swift */,
				219A1247251E4CAC0045F3B8 /* labxibTableViewCell.xib */,
				2152AAB7252085F4009DAC98 /* CaseHistoryViewController.swift */,
				219846352521133A00E35F26 /* checkhistoryTableViewCell.swift */,
				219846362521133A00E35F26 /* check historyTableViewCell.xib */,
				21550D592521CAF1004A46B9 /* DropDown.swift */,
				21550D5A2521CAF1004A46B9 /* DropDown.xib */,
				21550D602521FC59004A46B9 /* ChattingCommViewController.swift */,
				212800CA2523906800110A10 /* ComChatViewController.swift */,
				212800CF252394ED00110A10 /* ComChatTableViewCell.swift */,
				212800D0252394ED00110A10 /* ComChatTableViewCell.xib */,
				212800D62523978500110A10 /* ComChatMessageStruct.swift */,
				21F37A882524FCE0002AD530 /* AdminComViewController.swift */,
				21F37A8D2524FD1D002AD530 /* AdminComTableViewCell.swift */,
				21F37A8E2524FD1D002AD530 /* AdminComTableViewCell.xib */,
				21F37A942524FEF2002AD530 /* AdminComStruct.swift */,
				21CEA26E25262ED80049B4F7 /* Validation.swift */,
				2118DE8E2529076A008C4D43 /* Data.swift */,
				2155B414252B895400148B92 /* ComChatReceiverTableViewCell.swift */,
				2155B415252B895400148B92 /* ComChatReceiverTableViewCell.xib */,
			);
			path = MediYoga;
			sourceTree = "<group>";
		};
		210E88D425186F0600C59A6E /* MediYogaTests */ = {
			isa = PBXGroup;
			children = (
				210E88D525186F0600C59A6E /* MediYogaTests.swift */,
				210E88D725186F0600C59A6E /* Info.plist */,
			);
			path = MediYogaTests;
			sourceTree = "<group>";
		};
		210E88DF25186F0600C59A6E /* MediYogaUITests */ = {
			isa = PBXGroup;
			children = (
				210E88E025186F0600C59A6E /* MediYogaUITests.swift */,
				210E88E225186F0600C59A6E /* Info.plist */,
			);
			path = MediYogaUITests;
			sourceTree = "<group>";
		};
		882CE1EADEE3BD6A24572515 /* Frameworks */ = {
			isa = PBXGroup;
			children = (
				678EE7C9DC1C9FED92EAF122 /* Pods_MediYoga.framework */,
				82C72EC84170159DDEB44762 /* Pods_MediYoga_MediYogaUITests.framework */,
				A9DAC850BE3D0B7C15D985A2 /* Pods_MediYogaTests.framework */,
			);
			name = Frameworks;
			sourceTree = "<group>";
		};
		BC0CFEEB5C83AAFB80AA27C0 /* Pods */ = {
			isa = PBXGroup;
			children = (
				F324562BD0B17516539E9473 /* Pods-MediYoga.debug.xcconfig */,
				8A1CDC35E8B8A3C2B8572235 /* Pods-MediYoga.release.xcconfig */,
				591BC7C03F361DF74F6A00D1 /* Pods-MediYoga-MediYogaUITests.debug.xcconfig */,
				461FC16EDEFD05F56100A1D0 /* Pods-MediYoga-MediYogaUITests.release.xcconfig */,
				3950F9F9D33721CF20927A14 /* Pods-MediYogaTests.debug.xcconfig */,
				73CAA6C8CC1D5B2FFFF35909 /* Pods-MediYogaTests.release.xcconfig */,
			);
			path = Pods;
			sourceTree = "<group>";
		};
/* End PBXGroup section */

/* Begin PBXNativeTarget section */
		210E88BA25186F0100C59A6E /* MediYoga */ = {
			isa = PBXNativeTarget;
			buildConfigurationList = 210E88E525186F0600C59A6E /* Build configuration list for PBXNativeTarget "MediYoga" */;
			buildPhases = (
				2C8E70588EB06D36458045BE /* [CP] Check Pods Manifest.lock */,
				210E88B725186F0100C59A6E /* Sources */,
				210E88B825186F0100C59A6E /* Frameworks */,
				210E88B925186F0100C59A6E /* Resources */,
				87ABB7F6B415F620842F277E /* [CP] Embed Pods Frameworks */,
			);
			buildRules = (
			);
			dependencies = (
			);
			name = MediYoga;
			productName = MediYoga;
			productReference = 210E88BB25186F0100C59A6E /* MediYoga.app */;
			productType = "com.apple.product-type.application";
		};
		210E88D025186F0600C59A6E /* MediYogaTests */ = {
			isa = PBXNativeTarget;
			buildConfigurationList = 210E88E825186F0600C59A6E /* Build configuration list for PBXNativeTarget "MediYogaTests" */;
			buildPhases = (
				685264A2716EEDFAAB011BCB /* [CP] Check Pods Manifest.lock */,
				210E88CD25186F0600C59A6E /* Sources */,
				210E88CE25186F0600C59A6E /* Frameworks */,
				210E88CF25186F0600C59A6E /* Resources */,
			);
			buildRules = (
			);
			dependencies = (
				210E88D325186F0600C59A6E /* PBXTargetDependency */,
			);
			name = MediYogaTests;
			productName = MediYogaTests;
			productReference = 210E88D125186F0600C59A6E /* MediYogaTests.xctest */;
			productType = "com.apple.product-type.bundle.unit-test";
		};
		210E88DB25186F0600C59A6E /* MediYogaUITests */ = {
			isa = PBXNativeTarget;
			buildConfigurationList = 210E88EB25186F0600C59A6E /* Build configuration list for PBXNativeTarget "MediYogaUITests" */;
			buildPhases = (
				7D1C8F5850AB6D3AFE893485 /* [CP] Check Pods Manifest.lock */,
				210E88D825186F0600C59A6E /* Sources */,
				210E88D925186F0600C59A6E /* Frameworks */,
				210E88DA25186F0600C59A6E /* Resources */,
				2C3C50DA1C01F3AC157257E2 /* [CP] Embed Pods Frameworks */,
			);
			buildRules = (
			);
			dependencies = (
				210E88DE25186F0600C59A6E /* PBXTargetDependency */,
			);
			name = MediYogaUITests;
			productName = MediYogaUITests;
			productReference = 210E88DC25186F0600C59A6E /* MediYogaUITests.xctest */;
			productType = "com.apple.product-type.bundle.ui-testing";
		};
/* End PBXNativeTarget section */

/* Begin PBXProject section */
		210E88B325186F0100C59A6E /* Project object */ = {
			isa = PBXProject;
			attributes = {
				LastSwiftUpdateCheck = 1200;
				LastUpgradeCheck = 1200;
				TargetAttributes = {
					210E88BA25186F0100C59A6E = {
						CreatedOnToolsVersion = 12.0;
					};
					210E88D025186F0600C59A6E = {
						CreatedOnToolsVersion = 12.0;
						TestTargetID = 210E88BA25186F0100C59A6E;
					};
					210E88DB25186F0600C59A6E = {
						CreatedOnToolsVersion = 12.0;
						TestTargetID = 210E88BA25186F0100C59A6E;
					};
				};
			};
			buildConfigurationList = 210E88B625186F0100C59A6E /* Build configuration list for PBXProject "MediYoga" */;
			compatibilityVersion = "Xcode 9.3";
			developmentRegion = en;
			hasScannedForEncodings = 0;
			knownRegions = (
				en,
				Base,
			);
			mainGroup = 210E88B225186F0100C59A6E;
			productRefGroup = 210E88BC25186F0100C59A6E /* Products */;
			projectDirPath = "";
			projectRoot = "";
			targets = (
				210E88BA25186F0100C59A6E /* MediYoga */,
				210E88D025186F0600C59A6E /* MediYogaTests */,
				210E88DB25186F0600C59A6E /* MediYogaUITests */,
			);
		};
/* End PBXProject section */

/* Begin PBXResourcesBuildPhase section */
		210E88B925186F0100C59A6E /* Resources */ = {
			isa = PBXResourcesBuildPhase;
			buildActionMask = 2147483647;
			files = (
				2176A84A2518E3A9005979E9 /* SettingsTableViewCell_1.xib in Resources */,
				2176A83B2518E063005979E9 /* SettingsTableViewCell.xib in Resources */,
				2176A85B2518E3F3005979E9 /* SettingsTableViewCell_3.xib in Resources */,
				21FBA7F4251B542000466C3A /* PatientDetailsCollectionViewCell.xib in Resources */,
				2120D49D2528C457003332EF /* ComImageTableViewCell.xib in Resources */,
				2176A8152518D542005979E9 /* CommunicationTableViewCell.xib in Resources */,
				219846382521133A00E35F26 /* check historyTableViewCell.xib in Resources */,
				210E88CB25186F0500C59A6E /* LaunchScreen.storyboard in Resources */,
				21822110251C6F6D0022AD65 /* AdminChatMessageCell.xib in Resources */,
				2176A81C2518D56B005979E9 /* ApplicationTableViewCell.xib in Resources */,
				2155B417252B895400148B92 /* ComChatReceiverTableViewCell.xib in Resources */,
				21550D5C2521CAF1004A46B9 /* DropDown.xib in Resources */,
				212800D2252394ED00110A10 /* ComChatTableViewCell.xib in Resources */,
				210E88C825186F0500C59A6E /* Assets.xcassets in Resources */,
				21F37A902524FD1D002AD530 /* AdminComTableViewCell.xib in Resources */,
				2176A8542518E3D3005979E9 /* SettingsTableViewCell_2.xib in Resources */,
				2176A82E2518DCA4005979E9 /* AdminCommunicationTableViewCell.xib in Resources */,
				21005DD9251BE3F90078E470 /* LabRequestTableViewCell.xib in Resources */,
				219A1249251E4CAC0045F3B8 /* labxibTableViewCell.xib in Resources */,
				2155B41C252BA04600148B92 /* GoogleService-Info.plist in Resources */,
				2116C52F251BD27000E7C6F2 /* PriscriptionTableViewCell.xib in Resources */,
				210E88C625186F0100C59A6E /* Main.storyboard in Resources */,
			);
			runOnlyForDeploymentPostprocessing = 0;
		};
		210E88CF25186F0600C59A6E /* Resources */ = {
			isa = PBXResourcesBuildPhase;
			buildActionMask = 2147483647;
			files = (
			);
			runOnlyForDeploymentPostprocessing = 0;
		};
		210E88DA25186F0600C59A6E /* Resources */ = {
			isa = PBXResourcesBuildPhase;
			buildActionMask = 2147483647;
			files = (
			);
			runOnlyForDeploymentPostprocessing = 0;
		};
/* End PBXResourcesBuildPhase section */

/* Begin PBXShellScriptBuildPhase section */
		2C3C50DA1C01F3AC157257E2 /* [CP] Embed Pods Frameworks */ = {
			isa = PBXShellScriptBuildPhase;
			buildActionMask = 2147483647;
			files = (
			);
			inputFileListPaths = (
				"${PODS_ROOT}/Target Support Files/Pods-MediYoga-MediYogaUITests/Pods-MediYoga-MediYogaUITests-frameworks-${CONFIGURATION}-input-files.xcfilelist",
			);
			name = "[CP] Embed Pods Frameworks";
			outputFileListPaths = (
				"${PODS_ROOT}/Target Support Files/Pods-MediYoga-MediYogaUITests/Pods-MediYoga-MediYogaUITests-frameworks-${CONFIGURATION}-output-files.xcfilelist",
			);
			runOnlyForDeploymentPostprocessing = 0;
			shellPath = /bin/sh;
			shellScript = "\"${PODS_ROOT}/Target Support Files/Pods-MediYoga-MediYogaUITests/Pods-MediYoga-MediYogaUITests-frameworks.sh\"\n";
			showEnvVarsInLog = 0;
		};
		2C8E70588EB06D36458045BE /* [CP] Check Pods Manifest.lock */ = {
			isa = PBXShellScriptBuildPhase;
			buildActionMask = 2147483647;
			files = (
			);
			inputFileListPaths = (
			);
			inputPaths = (
				"${PODS_PODFILE_DIR_PATH}/Podfile.lock",
				"${PODS_ROOT}/Manifest.lock",
			);
			name = "[CP] Check Pods Manifest.lock";
			outputFileListPaths = (
			);
			outputPaths = (
				"$(DERIVED_FILE_DIR)/Pods-MediYoga-checkManifestLockResult.txt",
			);
			runOnlyForDeploymentPostprocessing = 0;
			shellPath = /bin/sh;
			shellScript = "diff \"${PODS_PODFILE_DIR_PATH}/Podfile.lock\" \"${PODS_ROOT}/Manifest.lock\" > /dev/null\nif [ $? != 0 ] ; then\n    # print error to STDERR\n    echo \"error: The sandbox is not in sync with the Podfile.lock. Run 'pod install' or update your CocoaPods installation.\" >&2\n    exit 1\nfi\n# This output is used by Xcode 'outputs' to avoid re-running this script phase.\necho \"SUCCESS\" > \"${SCRIPT_OUTPUT_FILE_0}\"\n";
			showEnvVarsInLog = 0;
		};
		685264A2716EEDFAAB011BCB /* [CP] Check Pods Manifest.lock */ = {
			isa = PBXShellScriptBuildPhase;
			buildActionMask = 2147483647;
			files = (
			);
			inputFileListPaths = (
			);
			inputPaths = (
				"${PODS_PODFILE_DIR_PATH}/Podfile.lock",
				"${PODS_ROOT}/Manifest.lock",
			);
			name = "[CP] Check Pods Manifest.lock";
			outputFileListPaths = (
			);
			outputPaths = (
				"$(DERIVED_FILE_DIR)/Pods-MediYogaTests-checkManifestLockResult.txt",
			);
			runOnlyForDeploymentPostprocessing = 0;
			shellPath = /bin/sh;
			shellScript = "diff \"${PODS_PODFILE_DIR_PATH}/Podfile.lock\" \"${PODS_ROOT}/Manifest.lock\" > /dev/null\nif [ $? != 0 ] ; then\n    # print error to STDERR\n    echo \"error: The sandbox is not in sync with the Podfile.lock. Run 'pod install' or update your CocoaPods installation.\" >&2\n    exit 1\nfi\n# This output is used by Xcode 'outputs' to avoid re-running this script phase.\necho \"SUCCESS\" > \"${SCRIPT_OUTPUT_FILE_0}\"\n";
			showEnvVarsInLog = 0;
		};
		7D1C8F5850AB6D3AFE893485 /* [CP] Check Pods Manifest.lock */ = {
			isa = PBXShellScriptBuildPhase;
			buildActionMask = 2147483647;
			files = (
			);
			inputFileListPaths = (
			);
			inputPaths = (
				"${PODS_PODFILE_DIR_PATH}/Podfile.lock",
				"${PODS_ROOT}/Manifest.lock",
			);
			name = "[CP] Check Pods Manifest.lock";
			outputFileListPaths = (
			);
			outputPaths = (
				"$(DERIVED_FILE_DIR)/Pods-MediYoga-MediYogaUITests-checkManifestLockResult.txt",
			);
			runOnlyForDeploymentPostprocessing = 0;
			shellPath = /bin/sh;
			shellScript = "diff \"${PODS_PODFILE_DIR_PATH}/Podfile.lock\" \"${PODS_ROOT}/Manifest.lock\" > /dev/null\nif [ $? != 0 ] ; then\n    # print error to STDERR\n    echo \"error: The sandbox is not in sync with the Podfile.lock. Run 'pod install' or update your CocoaPods installation.\" >&2\n    exit 1\nfi\n# This output is used by Xcode 'outputs' to avoid re-running this script phase.\necho \"SUCCESS\" > \"${SCRIPT_OUTPUT_FILE_0}\"\n";
			showEnvVarsInLog = 0;
		};
		87ABB7F6B415F620842F277E /* [CP] Embed Pods Frameworks */ = {
			isa = PBXShellScriptBuildPhase;
			buildActionMask = 2147483647;
			files = (
			);
			inputFileListPaths = (
				"${PODS_ROOT}/Target Support Files/Pods-MediYoga/Pods-MediYoga-frameworks-${CONFIGURATION}-input-files.xcfilelist",
			);
			name = "[CP] Embed Pods Frameworks";
			outputFileListPaths = (
				"${PODS_ROOT}/Target Support Files/Pods-MediYoga/Pods-MediYoga-frameworks-${CONFIGURATION}-output-files.xcfilelist",
			);
			runOnlyForDeploymentPostprocessing = 0;
			shellPath = /bin/sh;
			shellScript = "\"${PODS_ROOT}/Target Support Files/Pods-MediYoga/Pods-MediYoga-frameworks.sh\"\n";
			showEnvVarsInLog = 0;
		};
/* End PBXShellScriptBuildPhase section */

/* Begin PBXSourcesBuildPhase section */
		210E88B725186F0100C59A6E /* Sources */ = {
			isa = PBXSourcesBuildPhase;
			buildActionMask = 2147483647;
			files = (
				2176A8142518D542005979E9 /* CommunicationTableViewCell.swift in Sources */,
				219A1248251E4CAC0045F3B8 /* labxibTableViewCell.swift in Sources */,
				21005DE9251BFC010078E470 /* AdminChatViewController.swift in Sources */,
				2176A8052518A059005979E9 /* AppointmentViewController.swift in Sources */,
				21F37A952524FEF2002AD530 /* AdminComStruct.swift in Sources */,
				21435767251CF4B2002DC326 /* CommunicationChatViewController.swift in Sources */,
				21FBA7FD251B7B3A00466C3A /* PatientHeaderCollectionReusableView.swift in Sources */,
				2176A8402518E08B005979E9 /* SettingsViewController.swift in Sources */,
				211E7502251B27F500BFB6DC /* PatientDetailsViewController.swift in Sources */,
				2116C52E251BD27000E7C6F2 /* PriscriptionTableViewCell.swift in Sources */,
				2116C528251BD1B700E7C6F2 /* PriscriptionViewController.swift in Sources */,
				210E88C325186F0100C59A6E /* ViewController.swift in Sources */,
				2152AAB8252085F4009DAC98 /* CaseHistoryViewController.swift in Sources */,
				21550D612521FC59004A46B9 /* ChattingCommViewController.swift in Sources */,
				21F37A8F2524FD1D002AD530 /* AdminComTableViewCell.swift in Sources */,
				21005DDE251BE4210078E470 /* LabRequestViewController.swift in Sources */,
				21005DD8251BE3F90078E470 /* LabRequestTableViewCell.swift in Sources */,
				212800CB2523906800110A10 /* ComChatViewController.swift in Sources */,
				2176A8532518E3D3005979E9 /* SettingsTableViewCell_2.swift in Sources */,
				21822103251C5A170022AD65 /* ViewControllertest.swift in Sources */,
				212800D72523978500110A10 /* ComChatMessageStruct.swift in Sources */,
				2176A81B2518D56B005979E9 /* ApplicationTableViewCell.swift in Sources */,
				210E88BF25186F0100C59A6E /* AppDelegate.swift in Sources */,
				210E88C125186F0100C59A6E /* SceneDelegate.swift in Sources */,
				21CEA26F25262ED90049B4F7 /* Validation.swift in Sources */,
				2176A80E2518C2B8005979E9 /* CommunicationViewController.swift in Sources */,
				21550D5B2521CAF1004A46B9 /* DropDown.swift in Sources */,
				2176A8492518E3A9005979E9 /* SettingsTableViewCell_1.swift in Sources */,
				2118DE8F2529076A008C4D43 /* Data.swift in Sources */,
				216661FA2519266A000373DA /* SignupViewController.swift in Sources */,
				2176A82D2518DCA4005979E9 /* AdminCommunicationTableViewCell.swift in Sources */,
				2176A83A2518E063005979E9 /* SettingsTableViewCell.swift in Sources */,
				2120D49C2528C457003332EF /* ComImageTableViewCell.swift in Sources */,
				212800D1252394ED00110A10 /* ComChatTableViewCell.swift in Sources */,
				21822108251C5AE40022AD65 /* ViewControllertest2.swift in Sources */,
				210331D02518EA7A0022E0E8 /* ResetPasswordViewController.swift in Sources */,
				21FBA7F3251B542000466C3A /* PatientDetailsCollectionViewCell.swift in Sources */,
				2176A85A2518E3F3005979E9 /* SettingsTableViewCell_3.swift in Sources */,
				219846372521133A00E35F26 /* checkhistoryTableViewCell.swift in Sources */,
				2116C522251BC2F400E7C6F2 /* Allign.swift in Sources */,
				2155B416252B895400148B92 /* ComChatReceiverTableViewCell.swift in Sources */,
				2176A8272518DC7D005979E9 /* AdminCommunicationViewController.swift in Sources */,
				21F37A892524FCE1002AD530 /* AdminComViewController.swift in Sources */,
				2182210F251C6F6D0022AD65 /* AdminChatMessageCell.swift in Sources */,
			);
			runOnlyForDeploymentPostprocessing = 0;
		};
		210E88CD25186F0600C59A6E /* Sources */ = {
			isa = PBXSourcesBuildPhase;
			buildActionMask = 2147483647;
			files = (
				210E88D625186F0600C59A6E /* MediYogaTests.swift in Sources */,
			);
			runOnlyForDeploymentPostprocessing = 0;
		};
		210E88D825186F0600C59A6E /* Sources */ = {
			isa = PBXSourcesBuildPhase;
			buildActionMask = 2147483647;
			files = (
				210E88E125186F0600C59A6E /* MediYogaUITests.swift in Sources */,
			);
			runOnlyForDeploymentPostprocessing = 0;
		};
/* End PBXSourcesBuildPhase section */

/* Begin PBXTargetDependency section */
		210E88D325186F0600C59A6E /* PBXTargetDependency */ = {
			isa = PBXTargetDependency;
			target = 210E88BA25186F0100C59A6E /* MediYoga */;
			targetProxy = 210E88D225186F0600C59A6E /* PBXContainerItemProxy */;
		};
		210E88DE25186F0600C59A6E /* PBXTargetDependency */ = {
			isa = PBXTargetDependency;
			target = 210E88BA25186F0100C59A6E /* MediYoga */;
			targetProxy = 210E88DD25186F0600C59A6E /* PBXContainerItemProxy */;
		};
/* End PBXTargetDependency section */

/* Begin PBXVariantGroup section */
		210E88C425186F0100C59A6E /* Main.storyboard */ = {
			isa = PBXVariantGroup;
			children = (
				210E88C525186F0100C59A6E /* Base */,
			);
			name = Main.storyboard;
			sourceTree = "<group>";
		};
		210E88C925186F0500C59A6E /* LaunchScreen.storyboard */ = {
			isa = PBXVariantGroup;
			children = (
				210E88CA25186F0500C59A6E /* Base */,
			);
			name = LaunchScreen.storyboard;
			sourceTree = "<group>";
		};
/* End PBXVariantGroup section */

/* Begin XCBuildConfiguration section */
		210E88E325186F0600C59A6E /* Debug */ = {
			isa = XCBuildConfiguration;
			buildSettings = {
				ALWAYS_SEARCH_USER_PATHS = NO;
				CLANG_ANALYZER_NONNULL = YES;
				CLANG_ANALYZER_NUMBER_OBJECT_CONVERSION = YES_AGGRESSIVE;
				CLANG_CXX_LANGUAGE_STANDARD = "gnu++14";
				CLANG_CXX_LIBRARY = "libc++";
				CLANG_ENABLE_MODULES = YES;
				CLANG_ENABLE_OBJC_ARC = YES;
				CLANG_ENABLE_OBJC_WEAK = YES;
				CLANG_WARN_BLOCK_CAPTURE_AUTORELEASING = YES;
				CLANG_WARN_BOOL_CONVERSION = YES;
				CLANG_WARN_COMMA = YES;
				CLANG_WARN_CONSTANT_CONVERSION = YES;
				CLANG_WARN_DEPRECATED_OBJC_IMPLEMENTATIONS = YES;
				CLANG_WARN_DIRECT_OBJC_ISA_USAGE = YES_ERROR;
				CLANG_WARN_DOCUMENTATION_COMMENTS = YES;
				CLANG_WARN_EMPTY_BODY = YES;
				CLANG_WARN_ENUM_CONVERSION = YES;
				CLANG_WARN_INFINITE_RECURSION = YES;
				CLANG_WARN_INT_CONVERSION = YES;
				CLANG_WARN_NON_LITERAL_NULL_CONVERSION = YES;
				CLANG_WARN_OBJC_IMPLICIT_RETAIN_SELF = YES;
				CLANG_WARN_OBJC_LITERAL_CONVERSION = YES;
				CLANG_WARN_OBJC_ROOT_CLASS = YES_ERROR;
				CLANG_WARN_QUOTED_INCLUDE_IN_FRAMEWORK_HEADER = YES;
				CLANG_WARN_RANGE_LOOP_ANALYSIS = YES;
				CLANG_WARN_STRICT_PROTOTYPES = YES;
				CLANG_WARN_SUSPICIOUS_MOVE = YES;
				CLANG_WARN_UNGUARDED_AVAILABILITY = YES_AGGRESSIVE;
				CLANG_WARN_UNREACHABLE_CODE = YES;
				CLANG_WARN__DUPLICATE_METHOD_MATCH = YES;
				COPY_PHASE_STRIP = NO;
				DEBUG_INFORMATION_FORMAT = dwarf;
				ENABLE_STRICT_OBJC_MSGSEND = YES;
				ENABLE_TESTABILITY = YES;
				GCC_C_LANGUAGE_STANDARD = gnu11;
				GCC_DYNAMIC_NO_PIC = NO;
				GCC_NO_COMMON_BLOCKS = YES;
				GCC_OPTIMIZATION_LEVEL = 0;
				GCC_PREPROCESSOR_DEFINITIONS = (
					"DEBUG=1",
					"$(inherited)",
				);
				GCC_WARN_64_TO_32_BIT_CONVERSION = YES;
				GCC_WARN_ABOUT_RETURN_TYPE = YES_ERROR;
				GCC_WARN_UNDECLARED_SELECTOR = YES;
				GCC_WARN_UNINITIALIZED_AUTOS = YES_AGGRESSIVE;
				GCC_WARN_UNUSED_FUNCTION = YES;
				GCC_WARN_UNUSED_VARIABLE = YES;
				IPHONEOS_DEPLOYMENT_TARGET = 14.0;
				MTL_ENABLE_DEBUG_INFO = INCLUDE_SOURCE;
				MTL_FAST_MATH = YES;
				ONLY_ACTIVE_ARCH = YES;
				SDKROOT = iphoneos;
				SWIFT_ACTIVE_COMPILATION_CONDITIONS = DEBUG;
				SWIFT_OPTIMIZATION_LEVEL = "-Onone";
			};
			name = Debug;
		};
		210E88E425186F0600C59A6E /* Release */ = {
			isa = XCBuildConfiguration;
			buildSettings = {
				ALWAYS_SEARCH_USER_PATHS = NO;
				CLANG_ANALYZER_NONNULL = YES;
				CLANG_ANALYZER_NUMBER_OBJECT_CONVERSION = YES_AGGRESSIVE;
				CLANG_CXX_LANGUAGE_STANDARD = "gnu++14";
				CLANG_CXX_LIBRARY = "libc++";
				CLANG_ENABLE_MODULES = YES;
				CLANG_ENABLE_OBJC_ARC = YES;
				CLANG_ENABLE_OBJC_WEAK = YES;
				CLANG_WARN_BLOCK_CAPTURE_AUTORELEASING = YES;
				CLANG_WARN_BOOL_CONVERSION = YES;
				CLANG_WARN_COMMA = YES;
				CLANG_WARN_CONSTANT_CONVERSION = YES;
				CLANG_WARN_DEPRECATED_OBJC_IMPLEMENTATIONS = YES;
				CLANG_WARN_DIRECT_OBJC_ISA_USAGE = YES_ERROR;
				CLANG_WARN_DOCUMENTATION_COMMENTS = YES;
				CLANG_WARN_EMPTY_BODY = YES;
				CLANG_WARN_ENUM_CONVERSION = YES;
				CLANG_WARN_INFINITE_RECURSION = YES;
				CLANG_WARN_INT_CONVERSION = YES;
				CLANG_WARN_NON_LITERAL_NULL_CONVERSION = YES;
				CLANG_WARN_OBJC_IMPLICIT_RETAIN_SELF = YES;
				CLANG_WARN_OBJC_LITERAL_CONVERSION = YES;
				CLANG_WARN_OBJC_ROOT_CLASS = YES_ERROR;
				CLANG_WARN_QUOTED_INCLUDE_IN_FRAMEWORK_HEADER = YES;
				CLANG_WARN_RANGE_LOOP_ANALYSIS = YES;
				CLANG_WARN_STRICT_PROTOTYPES = YES;
				CLANG_WARN_SUSPICIOUS_MOVE = YES;
				CLANG_WARN_UNGUARDED_AVAILABILITY = YES_AGGRESSIVE;
				CLANG_WARN_UNREACHABLE_CODE = YES;
				CLANG_WARN__DUPLICATE_METHOD_MATCH = YES;
				COPY_PHASE_STRIP = NO;
				DEBUG_INFORMATION_FORMAT = "dwarf-with-dsym";
				ENABLE_NS_ASSERTIONS = NO;
				ENABLE_STRICT_OBJC_MSGSEND = YES;
				GCC_C_LANGUAGE_STANDARD = gnu11;
				GCC_NO_COMMON_BLOCKS = YES;
				GCC_WARN_64_TO_32_BIT_CONVERSION = YES;
				GCC_WARN_ABOUT_RETURN_TYPE = YES_ERROR;
				GCC_WARN_UNDECLARED_SELECTOR = YES;
				GCC_WARN_UNINITIALIZED_AUTOS = YES_AGGRESSIVE;
				GCC_WARN_UNUSED_FUNCTION = YES;
				GCC_WARN_UNUSED_VARIABLE = YES;
				IPHONEOS_DEPLOYMENT_TARGET = 14.0;
				MTL_ENABLE_DEBUG_INFO = NO;
				MTL_FAST_MATH = YES;
				SDKROOT = iphoneos;
				SWIFT_COMPILATION_MODE = wholemodule;
				SWIFT_OPTIMIZATION_LEVEL = "-O";
				VALIDATE_PRODUCT = YES;
			};
			name = Release;
		};
		210E88E625186F0600C59A6E /* Debug */ = {
			isa = XCBuildConfiguration;
			baseConfigurationReference = F324562BD0B17516539E9473 /* Pods-MediYoga.debug.xcconfig */;
			buildSettings = {
				ASSETCATALOG_COMPILER_APPICON_NAME = AppIcon;
				ASSETCATALOG_COMPILER_GLOBAL_ACCENT_COLOR_NAME = AccentColor;
				CODE_SIGN_STYLE = Automatic;
				DEVELOPMENT_TEAM = GL92UNQ3FG;
				INFOPLIST_FILE = MediYoga/Info.plist;
				LD_RUNPATH_SEARCH_PATHS = (
					"$(inherited)",
					"@executable_path/Frameworks",
				);
				PRODUCT_BUNDLE_IDENTIFIER = "JANTEL-CORP.MediYoga";
				PRODUCT_NAME = "$(TARGET_NAME)";
				SWIFT_VERSION = 5.0;
				TARGETED_DEVICE_FAMILY = "1,2";
			};
			name = Debug;
		};
		210E88E725186F0600C59A6E /* Release */ = {
			isa = XCBuildConfiguration;
			baseConfigurationReference = 8A1CDC35E8B8A3C2B8572235 /* Pods-MediYoga.release.xcconfig */;
			buildSettings = {
				ASSETCATALOG_COMPILER_APPICON_NAME = AppIcon;
				ASSETCATALOG_COMPILER_GLOBAL_ACCENT_COLOR_NAME = AccentColor;
				CODE_SIGN_STYLE = Automatic;
				DEVELOPMENT_TEAM = GL92UNQ3FG;
				INFOPLIST_FILE = MediYoga/Info.plist;
				LD_RUNPATH_SEARCH_PATHS = (
					"$(inherited)",
					"@executable_path/Frameworks",
				);
				PRODUCT_BUNDLE_IDENTIFIER = "JANTEL-CORP.MediYoga";
				PRODUCT_NAME = "$(TARGET_NAME)";
				SWIFT_VERSION = 5.0;
				TARGETED_DEVICE_FAMILY = "1,2";
			};
			name = Release;
		};
		210E88E925186F0600C59A6E /* Debug */ = {
			isa = XCBuildConfiguration;
			baseConfigurationReference = 3950F9F9D33721CF20927A14 /* Pods-MediYogaTests.debug.xcconfig */;
			buildSettings = {
				ALWAYS_EMBED_SWIFT_STANDARD_LIBRARIES = YES;
				BUNDLE_LOADER = "$(TEST_HOST)";
				CODE_SIGN_STYLE = Automatic;
				DEVELOPMENT_TEAM = GL92UNQ3FG;
				INFOPLIST_FILE = MediYogaTests/Info.plist;
				IPHONEOS_DEPLOYMENT_TARGET = 14.0;
				LD_RUNPATH_SEARCH_PATHS = (
					"$(inherited)",
					"@executable_path/Frameworks",
					"@loader_path/Frameworks",
				);
				PRODUCT_BUNDLE_IDENTIFIER = "JANTEL-CORP.MediYogaTests";
				PRODUCT_NAME = "$(TARGET_NAME)";
				SWIFT_VERSION = 5.0;
				TARGETED_DEVICE_FAMILY = "1,2";
				TEST_HOST = "$(BUILT_PRODUCTS_DIR)/MediYoga.app/MediYoga";
			};
			name = Debug;
		};
		210E88EA25186F0600C59A6E /* Release */ = {
			isa = XCBuildConfiguration;
			baseConfigurationReference = 73CAA6C8CC1D5B2FFFF35909 /* Pods-MediYogaTests.release.xcconfig */;
			buildSettings = {
				ALWAYS_EMBED_SWIFT_STANDARD_LIBRARIES = YES;
				BUNDLE_LOADER = "$(TEST_HOST)";
				CODE_SIGN_STYLE = Automatic;
				DEVELOPMENT_TEAM = GL92UNQ3FG;
				INFOPLIST_FILE = MediYogaTests/Info.plist;
				IPHONEOS_DEPLOYMENT_TARGET = 14.0;
				LD_RUNPATH_SEARCH_PATHS = (
					"$(inherited)",
					"@executable_path/Frameworks",
					"@loader_path/Frameworks",
				);
				PRODUCT_BUNDLE_IDENTIFIER = "JANTEL-CORP.MediYogaTests";
				PRODUCT_NAME = "$(TARGET_NAME)";
				SWIFT_VERSION = 5.0;
				TARGETED_DEVICE_FAMILY = "1,2";
				TEST_HOST = "$(BUILT_PRODUCTS_DIR)/MediYoga.app/MediYoga";
			};
			name = Release;
		};
		210E88EC25186F0600C59A6E /* Debug */ = {
			isa = XCBuildConfiguration;
			baseConfigurationReference = 591BC7C03F361DF74F6A00D1 /* Pods-MediYoga-MediYogaUITests.debug.xcconfig */;
			buildSettings = {
				ALWAYS_EMBED_SWIFT_STANDARD_LIBRARIES = YES;
				CODE_SIGN_STYLE = Automatic;
				DEVELOPMENT_TEAM = GL92UNQ3FG;
				INFOPLIST_FILE = MediYogaUITests/Info.plist;
				LD_RUNPATH_SEARCH_PATHS = (
					"$(inherited)",
					"@executable_path/Frameworks",
					"@loader_path/Frameworks",
				);
				PRODUCT_BUNDLE_IDENTIFIER = "JANTEL-CORP.MediYogaUITests";
				PRODUCT_NAME = "$(TARGET_NAME)";
				SWIFT_VERSION = 5.0;
				TARGETED_DEVICE_FAMILY = "1,2";
				TEST_TARGET_NAME = MediYoga;
			};
			name = Debug;
		};
		210E88ED25186F0600C59A6E /* Release */ = {
			isa = XCBuildConfiguration;
			baseConfigurationReference = 461FC16EDEFD05F56100A1D0 /* Pods-MediYoga-MediYogaUITests.release.xcconfig */;
			buildSettings = {
				ALWAYS_EMBED_SWIFT_STANDARD_LIBRARIES = YES;
				CODE_SIGN_STYLE = Automatic;
				DEVELOPMENT_TEAM = GL92UNQ3FG;
				INFOPLIST_FILE = MediYogaUITests/Info.plist;
				LD_RUNPATH_SEARCH_PATHS = (
					"$(inherited)",
					"@executable_path/Frameworks",
					"@loader_path/Frameworks",
				);
				PRODUCT_BUNDLE_IDENTIFIER = "JANTEL-CORP.MediYogaUITests";
				PRODUCT_NAME = "$(TARGET_NAME)";
				SWIFT_VERSION = 5.0;
				TARGETED_DEVICE_FAMILY = "1,2";
				TEST_TARGET_NAME = MediYoga;
			};
			name = Release;
		};
/* End XCBuildConfiguration section */

/* Begin XCConfigurationList section */
		210E88B625186F0100C59A6E /* Build configuration list for PBXProject "MediYoga" */ = {
			isa = XCConfigurationList;
			buildConfigurations = (
				210E88E325186F0600C59A6E /* Debug */,
				210E88E425186F0600C59A6E /* Release */,
			);
			defaultConfigurationIsVisible = 0;
			defaultConfigurationName = Release;
		};
		210E88E525186F0600C59A6E /* Build configuration list for PBXNativeTarget "MediYoga" */ = {
			isa = XCConfigurationList;
			buildConfigurations = (
				210E88E625186F0600C59A6E /* Debug */,
				210E88E725186F0600C59A6E /* Release */,
			);
			defaultConfigurationIsVisible = 0;
			defaultConfigurationName = Release;
		};
		210E88E825186F0600C59A6E /* Build configuration list for PBXNativeTarget "MediYogaTests" */ = {
			isa = XCConfigurationList;
			buildConfigurations = (
				210E88E925186F0600C59A6E /* Debug */,
				210E88EA25186F0600C59A6E /* Release */,
			);
			defaultConfigurationIsVisible = 0;
			defaultConfigurationName = Release;
		};
		210E88EB25186F0600C59A6E /* Build configuration list for PBXNativeTarget "MediYogaUITests" */ = {
			isa = XCConfigurationList;
			buildConfigurations = (
				210E88EC25186F0600C59A6E /* Debug */,
				210E88ED25186F0600C59A6E /* Release */,
			);
			defaultConfigurationIsVisible = 0;
			defaultConfigurationName = Release;
		};
/* End XCConfigurationList section */
	};
	rootObject = 210E88B325186F0100C59A6E /* Project object */;
}
